// !$*UTF8*$!
{
	archiveVersion = 1;
	classes = {
	};
	objectVersion = 54;
	objects = {

/* Begin PBXBuildFile section */
		041138032D26ACDA00AB2AEC /* GoogleService-Info.plist in Resources */ = {isa = PBXBuildFile; fileRef = 041138022D26ACDA00AB2AEC /* GoogleService-Info.plist */; };
		08EF1B02A48B45EE99843519 /* index.tsx in Resources */ = {isa = PBXBuildFile; fileRef = E6875A99EBEA48C0B0D57FE3 /* index.tsx */; };
		0B2BA5D5399444B68094E681 /* Poppins-LightItalic.ttf in Resources */ = {isa = PBXBuildFile; fileRef = 3E72EB7C6B5A467696A00F7D /* Poppins-LightItalic.ttf */; };
		111AC37F8029812AE524AC15 /* PrivacyInfo.xcprivacy in Resources */ = {isa = PBXBuildFile; fileRef = 0B6315E31D7E47545A761BE2 /* PrivacyInfo.xcprivacy */; };
		13B07FBF1A68108700A75B9A /* Images.xcassets in Resources */ = {isa = PBXBuildFile; fileRef = 13B07FB51A68108700A75B9A /* Images.xcassets */; };
		14DE3D4BC6364FBF8C2EB440 /* Inter-ThinItalic-BETA.otf in Resources */ = {isa = PBXBuildFile; fileRef = B709FDB644AF4957B1FE6EBC /* Inter-ThinItalic-BETA.otf */; };
		15664140DD0E4D04AC552C8F /* Inter-Medium.otf in Resources */ = {isa = PBXBuildFile; fileRef = A1671806E6164EAF919F0825 /* Inter-Medium.otf */; };
		1DFF4B66C4934709B4691BDF /* Inter-BlackItalic.otf in Resources */ = {isa = PBXBuildFile; fileRef = 9DD59F02687242F3890F4A86 /* Inter-BlackItalic.otf */; };
		33A0A92D956942CAB498B7F2 /* Inter-MediumItalic.otf in Resources */ = {isa = PBXBuildFile; fileRef = B19C625DE10A47AD9EF06A49 /* Inter-MediumItalic.otf */; };
		361968CAA91640EBAB06F8D6 /* Inter-ExtraLight-BETA.otf in Resources */ = {isa = PBXBuildFile; fileRef = 2950AA99D12B49B1962C5EBE /* Inter-ExtraLight-BETA.otf */; };
		3DEF9F5F998B4525B8D87E7F /* Poppins-Black.ttf in Resources */ = {isa = PBXBuildFile; fileRef = CBAFEBA95D0D4C4B9F89ACF5 /* Poppins-Black.ttf */; };
		466BCD76BE1D416E99D23A13 /* Poppins-Regular.ttf in Resources */ = {isa = PBXBuildFile; fileRef = 0E56B10476A1442682D270EB /* Poppins-Regular.ttf */; };
		49470586856549ECACF97060 /* Poppins-BlackItalic.ttf in Resources */ = {isa = PBXBuildFile; fileRef = A6964CC6CC0F45209A527A59 /* Poppins-BlackItalic.ttf */; };
		57BC1FD525FB46DCB4933ADE /* Poppins-ExtraBold.ttf in Resources */ = {isa = PBXBuildFile; fileRef = 5F902C6A8FA549F686F8F990 /* Poppins-ExtraBold.ttf */; };
		596ECF4327FF42B3BC880002 /* Inter-Italic.otf in Resources */ = {isa = PBXBuildFile; fileRef = 16D903E74788455186A1C2E8 /* Inter-Italic.otf */; };
		636F1EE0DD7E48298A539206 /* Inter-Bold.otf in Resources */ = {isa = PBXBuildFile; fileRef = 7435C9091AE140F49650E20A /* Inter-Bold.otf */; };
		6976EC6A129E4DD3BD29CB22 /* Poppins-ExtraLight.ttf in Resources */ = {isa = PBXBuildFile; fileRef = D8F37734D2984FC8A930BEAE /* Poppins-ExtraLight.ttf */; };
		6E04CA7C94F44E72A443A1D0 /* Inter-SemiBold.otf in Resources */ = {isa = PBXBuildFile; fileRef = A4B7AAE9D31647F4A2CBC22F /* Inter-SemiBold.otf */; };
		72C022B5D6CA4BAD831F061D /* Inter-LightItalic-BETA.otf in Resources */ = {isa = PBXBuildFile; fileRef = D97AD30C0545442E8F8B0875 /* Inter-LightItalic-BETA.otf */; };
		761780ED2CA45674006654EE /* AppDelegate.swift in Sources */ = {isa = PBXBuildFile; fileRef = 761780EC2CA45674006654EE /* AppDelegate.swift */; };
		78541BE586404E99B52F10DB /* Poppins-ExtraLightItalic.ttf in Resources */ = {isa = PBXBuildFile; fileRef = 6FC143A151044B3A95799006 /* Poppins-ExtraLightItalic.ttf */; };
		7FBBD46B0E42471B8FA5EBC6 /* Poppins-ThinItalic.ttf in Resources */ = {isa = PBXBuildFile; fileRef = 6AE2DF83E05F403799F16E04 /* Poppins-ThinItalic.ttf */; };
		81AB9BB82411601600AC10FF /* LaunchScreen.storyboard in Resources */ = {isa = PBXBuildFile; fileRef = 81AB9BB72411601600AC10FF /* LaunchScreen.storyboard */; };
		823CA0FE3D274542BE4F4594 /* Poppins-Thin.ttf in Resources */ = {isa = PBXBuildFile; fileRef = 43AF5E3EEA8F457CBFC3DEBD /* Poppins-Thin.ttf */; };
		826116CAEF4447679EC2C26C /* Inter-ExtraLightItalic-BETA.otf in Resources */ = {isa = PBXBuildFile; fileRef = 44D6DC5EB3D04DE7958370E6 /* Inter-ExtraLightItalic-BETA.otf */; };
		A0ACF5D7E8B64FBB9B159A04 /* Poppins-Medium.ttf in Resources */ = {isa = PBXBuildFile; fileRef = E111766F1FAA48098B9DE510 /* Poppins-Medium.ttf */; };
		A98981266D374FB4BAB31009 /* Inter-ExtraBold.otf in Resources */ = {isa = PBXBuildFile; fileRef = 6EAAACF687C84638947D552F /* Inter-ExtraBold.otf */; };
		AA2B525CB0084DEEA6FFF967 /* Inter-Light-BETA.otf in Resources */ = {isa = PBXBuildFile; fileRef = CA040788CFD74CC589FE063F /* Inter-Light-BETA.otf */; };
		AB034B0286A18270A0B93F09 /* Pods_Alenga.framework in Frameworks */ = {isa = PBXBuildFile; fileRef = 7C672BE8170858E493D5499F /* Pods_Alenga.framework */; };
		B15A8A0262D94D7BA0528F71 /* Inter-Thin-BETA.otf in Resources */ = {isa = PBXBuildFile; fileRef = 9163DBCA10B84A88B218BBC3 /* Inter-Thin-BETA.otf */; };
		B7DA85E3767349409187E4BD /* Poppins-MediumItalic.ttf in Resources */ = {isa = PBXBuildFile; fileRef = E7198924A06E49BC8A40FB8E /* Poppins-MediumItalic.ttf */; };
		BA09851C20A14C91B8E7232A /* Inter-SemiBoldItalic.otf in Resources */ = {isa = PBXBuildFile; fileRef = D6AF32C94DAE443FBDA85122 /* Inter-SemiBoldItalic.otf */; };
		BC0ACF15A7C243A288DBD8A8 /* Inter-Black.otf in Resources */ = {isa = PBXBuildFile; fileRef = 87848DE4626C4DA2BCCB17D6 /* Inter-Black.otf */; };
		BEE8919C659E4CB2BF6EDDD1 /* Poppins-BoldItalic.ttf in Resources */ = {isa = PBXBuildFile; fileRef = 714AC3454D894F42AB08C484 /* Poppins-BoldItalic.ttf */; };
		C17C7DEB79FA43449005B562 /* Poppins-SemiBoldItalic.ttf in Resources */ = {isa = PBXBuildFile; fileRef = E2D366481E35489BA4062EB2 /* Poppins-SemiBoldItalic.ttf */; };
		C623854EDF6941F199BE2B80 /* Poppins-SemiBold.ttf in Resources */ = {isa = PBXBuildFile; fileRef = EAD73C9906284FBAB43DA7A6 /* Poppins-SemiBold.ttf */; };
		CAC4E7450BBE45C58C561939 /* Inter-Regular.otf in Resources */ = {isa = PBXBuildFile; fileRef = 58D442B58E444978850B61B7 /* Inter-Regular.otf */; };
		CB6B32D99DE143C9B80EFEAC /* Poppins-Light.ttf in Resources */ = {isa = PBXBuildFile; fileRef = 0BF3B0F1A3BC4B1AA08E4AD1 /* Poppins-Light.ttf */; };
		CD1E66BA7C0A4AA8A91FA327 /* Inter-BoldItalic.otf in Resources */ = {isa = PBXBuildFile; fileRef = E402F2DFD0EA45BA88F23E75 /* Inter-BoldItalic.otf */; };
		D50A8F7926EC446592973C8C /* Inter-ExtraBoldItalic.otf in Resources */ = {isa = PBXBuildFile; fileRef = EE2CA0DBD2844DFD9ED98007 /* Inter-ExtraBoldItalic.otf */; };
		DB2CBB67C9D741869B68DDD8 /* Poppins-Bold.ttf in Resources */ = {isa = PBXBuildFile; fileRef = 7F5E56E37B8247D8BC84DC29 /* Poppins-Bold.ttf */; };
		E43794DAFD9C4089A84A57F5 /* Poppins-ExtraBoldItalic.ttf in Resources */ = {isa = PBXBuildFile; fileRef = AAE602A1FE0241D4A2F63FB4 /* Poppins-ExtraBoldItalic.ttf */; };
		FEAD2878279C4EC6BB77FF35 /* Poppins-Italic.ttf in Resources */ = {isa = PBXBuildFile; fileRef = 2E8A0E032F124AEAA186501D /* Poppins-Italic.ttf */; };
		PMC0MO04BA68108700A75B9A /* PhotoMusicComposer.m in Sources */ = {isa = PBXBuildFile; fileRef = PMC0MO02BA68108700A75B9A /* PhotoMusicComposer.m */; };
		PMC0SW03BA68108700A75B9A /* PhotoMusicComposer.swift in Sources */ = {isa = PBXBuildFile; fileRef = PMC0SW01BA68108700A75B9A /* PhotoMusicComposer.swift */; };
/* End PBXBuildFile section */

/* Begin PBXFileReference section */
		041138022D26ACDA00AB2AEC /* GoogleService-Info.plist */ = {isa = PBXFileReference; fileEncoding = 4; lastKnownFileType = text.plist.xml; path = "GoogleService-Info.plist"; sourceTree = "<group>"; };
		045931042CE4A5F000219CCA /* Alenga.entitlements */ = {isa = PBXFileReference; lastKnownFileType = text.plist.entitlements; name = Alenga.entitlements; path = Alenga/Alenga.entitlements; sourceTree = "<group>"; };
		0B6315E31D7E47545A761BE2 /* PrivacyInfo.xcprivacy */ = {isa = PBXFileReference; includeInIndex = 1; lastKnownFileType = text.xml; name = PrivacyInfo.xcprivacy; path = Alenga/PrivacyInfo.xcprivacy; sourceTree = "<group>"; };
		0BF3B0F1A3BC4B1AA08E4AD1 /* Poppins-Light.ttf */ = {isa = PBXFileReference; explicitFileType = undefined; fileEncoding = 9; includeInIndex = 0; lastKnownFileType = unknown; name = "Poppins-Light.ttf"; path = "../src/assets/fonts/Poppins-Light.ttf"; sourceTree = "<group>"; };
		0E56B10476A1442682D270EB /* Poppins-Regular.ttf */ = {isa = PBXFileReference; explicitFileType = undefined; fileEncoding = 9; includeInIndex = 0; lastKnownFileType = unknown; name = "Poppins-Regular.ttf"; path = "../src/assets/fonts/Poppins-Regular.ttf"; sourceTree = "<group>"; };
		13B07F961A680F5B00A75B9A /* Alenga.app */ = {isa = PBXFileReference; explicitFileType = wrapper.application; includeInIndex = 0; path = Alenga.app; sourceTree = BUILT_PRODUCTS_DIR; };
		13B07FB51A68108700A75B9A /* Images.xcassets */ = {isa = PBXFileReference; lastKnownFileType = folder.assetcatalog; name = Images.xcassets; path = Alenga/Images.xcassets; sourceTree = "<group>"; };
		13B07FB61A68108700A75B9A /* Info.plist */ = {isa = PBXFileReference; fileEncoding = 4; lastKnownFileType = text.plist.xml; name = Info.plist; path = Alenga/Info.plist; sourceTree = "<group>"; };
		13B07FB81A68108700A75B9A /* PrivacyInfo.xcprivacy */ = {isa = PBXFileReference; fileEncoding = 4; lastKnownFileType = text.plist.xml; name = PrivacyInfo.xcprivacy; path = Alenga/PrivacyInfo.xcprivacy; sourceTree = "<group>"; };
		16D903E74788455186A1C2E8 /* Inter-Italic.otf */ = {isa = PBXFileReference; explicitFileType = undefined; fileEncoding = 9; includeInIndex = 0; lastKnownFileType = unknown; name = "Inter-Italic.otf"; path = "../src/assets/fonts/Inter-Italic.otf"; sourceTree = "<group>"; };
		1BA2B792BC191AED0CBF7B7D /* Pods-Alenga.debug.xcconfig */ = {isa = PBXFileReference; includeInIndex = 1; lastKnownFileType = text.xcconfig; name = "Pods-Alenga.debug.xcconfig"; path = "Target Support Files/Pods-Alenga/Pods-Alenga.debug.xcconfig"; sourceTree = "<group>"; };
		2950AA99D12B49B1962C5EBE /* Inter-ExtraLight-BETA.otf */ = {isa = PBXFileReference; explicitFileType = undefined; fileEncoding = 9; includeInIndex = 0; lastKnownFileType = unknown; name = "Inter-ExtraLight-BETA.otf"; path = "../src/assets/fonts/Inter-ExtraLight-BETA.otf"; sourceTree = "<group>"; };
		2E8A0E032F124AEAA186501D /* Poppins-Italic.ttf */ = {isa = PBXFileReference; explicitFileType = undefined; fileEncoding = 9; includeInIndex = 0; lastKnownFileType = unknown; name = "Poppins-Italic.ttf"; path = "../src/assets/fonts/Poppins-Italic.ttf"; sourceTree = "<group>"; };
		3E72EB7C6B5A467696A00F7D /* Poppins-LightItalic.ttf */ = {isa = PBXFileReference; explicitFileType = undefined; fileEncoding = 9; includeInIndex = 0; lastKnownFileType = unknown; name = "Poppins-LightItalic.ttf"; path = "../src/assets/fonts/Poppins-LightItalic.ttf"; sourceTree = "<group>"; };
		43AF5E3EEA8F457CBFC3DEBD /* Poppins-Thin.ttf */ = {isa = PBXFileReference; explicitFileType = undefined; fileEncoding = 9; includeInIndex = 0; lastKnownFileType = unknown; name = "Poppins-Thin.ttf"; path = "../src/assets/fonts/Poppins-Thin.ttf"; sourceTree = "<group>"; };
		44D6DC5EB3D04DE7958370E6 /* Inter-ExtraLightItalic-BETA.otf */ = {isa = PBXFileReference; explicitFileType = undefined; fileEncoding = 9; includeInIndex = 0; lastKnownFileType = unknown; name = "Inter-ExtraLightItalic-BETA.otf"; path = "../src/assets/fonts/Inter-ExtraLightItalic-BETA.otf"; sourceTree = "<group>"; };
		58D442B58E444978850B61B7 /* Inter-Regular.otf */ = {isa = PBXFileReference; explicitFileType = undefined; fileEncoding = 9; includeInIndex = 0; lastKnownFileType = unknown; name = "Inter-Regular.otf"; path = "../src/assets/fonts/Inter-Regular.otf"; sourceTree = "<group>"; };
		5F902C6A8FA549F686F8F990 /* Poppins-ExtraBold.ttf */ = {isa = PBXFileReference; explicitFileType = undefined; fileEncoding = 9; includeInIndex = 0; lastKnownFileType = unknown; name = "Poppins-ExtraBold.ttf"; path = "../src/assets/fonts/Poppins-ExtraBold.ttf"; sourceTree = "<group>"; };
		6AE2DF83E05F403799F16E04 /* Poppins-ThinItalic.ttf */ = {isa = PBXFileReference; explicitFileType = undefined; fileEncoding = 9; includeInIndex = 0; lastKnownFileType = unknown; name = "Poppins-ThinItalic.ttf"; path = "../src/assets/fonts/Poppins-ThinItalic.ttf"; sourceTree = "<group>"; };
		6EAAACF687C84638947D552F /* Inter-ExtraBold.otf */ = {isa = PBXFileReference; explicitFileType = undefined; fileEncoding = 9; includeInIndex = 0; lastKnownFileType = unknown; name = "Inter-ExtraBold.otf"; path = "../src/assets/fonts/Inter-ExtraBold.otf"; sourceTree = "<group>"; };
		6FC143A151044B3A95799006 /* Poppins-ExtraLightItalic.ttf */ = {isa = PBXFileReference; explicitFileType = undefined; fileEncoding = 9; includeInIndex = 0; lastKnownFileType = unknown; name = "Poppins-ExtraLightItalic.ttf"; path = "../src/assets/fonts/Poppins-ExtraLightItalic.ttf"; sourceTree = "<group>"; };
		714AC3454D894F42AB08C484 /* Poppins-BoldItalic.ttf */ = {isa = PBXFileReference; explicitFileType = undefined; fileEncoding = 9; includeInIndex = 0; lastKnownFileType = unknown; name = "Poppins-BoldItalic.ttf"; path = "../src/assets/fonts/Poppins-BoldItalic.ttf"; sourceTree = "<group>"; };
		71FD974C4326847E00086637 /* Pods-Alenga.release.xcconfig */ = {isa = PBXFileReference; includeInIndex = 1; lastKnownFileType = text.xcconfig; name = "Pods-Alenga.release.xcconfig"; path = "Target Support Files/Pods-Alenga/Pods-Alenga.release.xcconfig"; sourceTree = "<group>"; };
		7435C9091AE140F49650E20A /* Inter-Bold.otf */ = {isa = PBXFileReference; explicitFileType = undefined; fileEncoding = 9; includeInIndex = 0; lastKnownFileType = unknown; name = "Inter-Bold.otf"; path = "../src/assets/fonts/Inter-Bold.otf"; sourceTree = "<group>"; };
		761780EC2CA45674006654EE /* AppDelegate.swift */ = {isa = PBXFileReference; lastKnownFileType = sourcecode.swift; name = AppDelegate.swift; path = Alenga/AppDelegate.swift; sourceTree = "<group>"; };
		7C672BE8170858E493D5499F /* Pods_Alenga.framework */ = {isa = PBXFileReference; explicitFileType = wrapper.framework; includeInIndex = 0; path = Pods_Alenga.framework; sourceTree = BUILT_PRODUCTS_DIR; };
		7F5E56E37B8247D8BC84DC29 /* Poppins-Bold.ttf */ = {isa = PBXFileReference; explicitFileType = undefined; fileEncoding = 9; includeInIndex = 0; lastKnownFileType = unknown; name = "Poppins-Bold.ttf"; path = "../src/assets/fonts/Poppins-Bold.ttf"; sourceTree = "<group>"; };
		81AB9BB72411601600AC10FF /* LaunchScreen.storyboard */ = {isa = PBXFileReference; fileEncoding = 4; lastKnownFileType = file.storyboard; name = LaunchScreen.storyboard; path = Alenga/LaunchScreen.storyboard; sourceTree = "<group>"; };
		87848DE4626C4DA2BCCB17D6 /* Inter-Black.otf */ = {isa = PBXFileReference; explicitFileType = undefined; fileEncoding = 9; includeInIndex = 0; lastKnownFileType = unknown; name = "Inter-Black.otf"; path = "../src/assets/fonts/Inter-Black.otf"; sourceTree = "<group>"; };
		9163DBCA10B84A88B218BBC3 /* Inter-Thin-BETA.otf */ = {isa = PBXFileReference; explicitFileType = undefined; fileEncoding = 9; includeInIndex = 0; lastKnownFileType = unknown; name = "Inter-Thin-BETA.otf"; path = "../src/assets/fonts/Inter-Thin-BETA.otf"; sourceTree = "<group>"; };
		9DD59F02687242F3890F4A86 /* Inter-BlackItalic.otf */ = {isa = PBXFileReference; explicitFileType = undefined; fileEncoding = 9; includeInIndex = 0; lastKnownFileType = unknown; name = "Inter-BlackItalic.otf"; path = "../src/assets/fonts/Inter-BlackItalic.otf"; sourceTree = "<group>"; };
		A1671806E6164EAF919F0825 /* Inter-Medium.otf */ = {isa = PBXFileReference; explicitFileType = undefined; fileEncoding = 9; includeInIndex = 0; lastKnownFileType = unknown; name = "Inter-Medium.otf"; path = "../src/assets/fonts/Inter-Medium.otf"; sourceTree = "<group>"; };
		A4B7AAE9D31647F4A2CBC22F /* Inter-SemiBold.otf */ = {isa = PBXFileReference; explicitFileType = undefined; fileEncoding = 9; includeInIndex = 0; lastKnownFileType = unknown; name = "Inter-SemiBold.otf"; path = "../src/assets/fonts/Inter-SemiBold.otf"; sourceTree = "<group>"; };
		A6964CC6CC0F45209A527A59 /* Poppins-BlackItalic.ttf */ = {isa = PBXFileReference; explicitFileType = undefined; fileEncoding = 9; includeInIndex = 0; lastKnownFileType = unknown; name = "Poppins-BlackItalic.ttf"; path = "../src/assets/fonts/Poppins-BlackItalic.ttf"; sourceTree = "<group>"; };
		AAE602A1FE0241D4A2F63FB4 /* Poppins-ExtraBoldItalic.ttf */ = {isa = PBXFileReference; explicitFileType = undefined; fileEncoding = 9; includeInIndex = 0; lastKnownFileType = unknown; name = "Poppins-ExtraBoldItalic.ttf"; path = "../src/assets/fonts/Poppins-ExtraBoldItalic.ttf"; sourceTree = "<group>"; };
		B0E94AD92F17850F004BD30C /* Alenga-Bridging-Header.h */ = {isa = PBXFileReference; lastKnownFileType = sourcecode.c.h; path = "Alenga-Bridging-Header.h"; sourceTree = "<group>"; };
		B19C625DE10A47AD9EF06A49 /* Inter-MediumItalic.otf */ = {isa = PBXFileReference; explicitFileType = undefined; fileEncoding = 9; includeInIndex = 0; lastKnownFileType = unknown; name = "Inter-MediumItalic.otf"; path = "../src/assets/fonts/Inter-MediumItalic.otf"; sourceTree = "<group>"; };
		B709FDB644AF4957B1FE6EBC /* Inter-ThinItalic-BETA.otf */ = {isa = PBXFileReference; explicitFileType = undefined; fileEncoding = 9; includeInIndex = 0; lastKnownFileType = unknown; name = "Inter-ThinItalic-BETA.otf"; path = "../src/assets/fonts/Inter-ThinItalic-BETA.otf"; sourceTree = "<group>"; };
		CA040788CFD74CC589FE063F /* Inter-Light-BETA.otf */ = {isa = PBXFileReference; explicitFileType = undefined; fileEncoding = 9; includeInIndex = 0; lastKnownFileType = unknown; name = "Inter-Light-BETA.otf"; path = "../src/assets/fonts/Inter-Light-BETA.otf"; sourceTree = "<group>"; };
		CBAFEBA95D0D4C4B9F89ACF5 /* Poppins-Black.ttf */ = {isa = PBXFileReference; explicitFileType = undefined; fileEncoding = 9; includeInIndex = 0; lastKnownFileType = unknown; name = "Poppins-Black.ttf"; path = "../src/assets/fonts/Poppins-Black.ttf"; sourceTree = "<group>"; };
		D6AF32C94DAE443FBDA85122 /* Inter-SemiBoldItalic.otf */ = {isa = PBXFileReference; explicitFileType = undefined; fileEncoding = 9; includeInIndex = 0; lastKnownFileType = unknown; name = "Inter-SemiBoldItalic.otf"; path = "../src/assets/fonts/Inter-SemiBoldItalic.otf"; sourceTree = "<group>"; };
		D8F37734D2984FC8A930BEAE /* Poppins-ExtraLight.ttf */ = {isa = PBXFileReference; explicitFileType = undefined; fileEncoding = 9; includeInIndex = 0; lastKnownFileType = unknown; name = "Poppins-ExtraLight.ttf"; path = "../src/assets/fonts/Poppins-ExtraLight.ttf"; sourceTree = "<group>"; };
		D97AD30C0545442E8F8B0875 /* Inter-LightItalic-BETA.otf */ = {isa = PBXFileReference; explicitFileType = undefined; fileEncoding = 9; includeInIndex = 0; lastKnownFileType = unknown; name = "Inter-LightItalic-BETA.otf"; path = "../src/assets/fonts/Inter-LightItalic-BETA.otf"; sourceTree = "<group>"; };
		E111766F1FAA48098B9DE510 /* Poppins-Medium.ttf */ = {isa = PBXFileReference; explicitFileType = undefined; fileEncoding = 9; includeInIndex = 0; lastKnownFileType = unknown; name = "Poppins-Medium.ttf"; path = "../src/assets/fonts/Poppins-Medium.ttf"; sourceTree = "<group>"; };
		E2D366481E35489BA4062EB2 /* Poppins-SemiBoldItalic.ttf */ = {isa = PBXFileReference; explicitFileType = undefined; fileEncoding = 9; includeInIndex = 0; lastKnownFileType = unknown; name = "Poppins-SemiBoldItalic.ttf"; path = "../src/assets/fonts/Poppins-SemiBoldItalic.ttf"; sourceTree = "<group>"; };
		E402F2DFD0EA45BA88F23E75 /* Inter-BoldItalic.otf */ = {isa = PBXFileReference; explicitFileType = undefined; fileEncoding = 9; includeInIndex = 0; lastKnownFileType = unknown; name = "Inter-BoldItalic.otf"; path = "../src/assets/fonts/Inter-BoldItalic.otf"; sourceTree = "<group>"; };
		E6875A99EBEA48C0B0D57FE3 /* index.tsx */ = {isa = PBXFileReference; explicitFileType = undefined; fileEncoding = 9; includeInIndex = 0; lastKnownFileType = unknown; name = index.tsx; path = ../src/assets/fonts/index.tsx; sourceTree = "<group>"; };
		E7198924A06E49BC8A40FB8E /* Poppins-MediumItalic.ttf */ = {isa = PBXFileReference; explicitFileType = undefined; fileEncoding = 9; includeInIndex = 0; lastKnownFileType = unknown; name = "Poppins-MediumItalic.ttf"; path = "../src/assets/fonts/Poppins-MediumItalic.ttf"; sourceTree = "<group>"; };
		EAD73C9906284FBAB43DA7A6 /* Poppins-SemiBold.ttf */ = {isa = PBXFileReference; explicitFileType = undefined; fileEncoding = 9; includeInIndex = 0; lastKnownFileType = unknown; name = "Poppins-SemiBold.ttf"; path = "../src/assets/fonts/Poppins-SemiBold.ttf"; sourceTree = "<group>"; };
		ED297162215061F000B7C4FE /* JavaScriptCore.framework */ = {isa = PBXFileReference; lastKnownFileType = wrapper.framework; name = JavaScriptCore.framework; path = System/Library/Frameworks/JavaScriptCore.framework; sourceTree = SDKROOT; };
		EE2CA0DBD2844DFD9ED98007 /* Inter-ExtraBoldItalic.otf */ = {isa = PBXFileReference; explicitFileType = undefined; fileEncoding = 9; includeInIndex = 0; lastKnownFileType = unknown; name = "Inter-ExtraBoldItalic.otf"; path = "../src/assets/fonts/Inter-ExtraBoldItalic.otf"; sourceTree = "<group>"; };
		PMC0MO02BA68108700A75B9A /* PhotoMusicComposer.m */ = {isa = PBXFileReference; lastKnownFileType = sourcecode.c.objc; name = PhotoMusicComposer.m; path = Alenga/PhotoMusicComposer.m; sourceTree = "<group>"; };
		PMC0SW01BA68108700A75B9A /* PhotoMusicComposer.swift */ = {isa = PBXFileReference; lastKnownFileType = sourcecode.swift; name = PhotoMusicComposer.swift; path = Alenga/PhotoMusicComposer.swift; sourceTree = "<group>"; };
/* End PBXFileReference section */

/* Begin PBXFrameworksBuildPhase section */
		13B07F8C1A680F5B00A75B9A /* Frameworks */ = {
			isa = PBXFrameworksBuildPhase;
			buildActionMask = 2147483647;
			files = (
				AB034B0286A18270A0B93F09 /* Pods_Alenga.framework in Frameworks */,
			);
			runOnlyForDeploymentPostprocessing = 0;
		};
/* End PBXFrameworksBuildPhase section */

/* Begin PBXGroup section */
		13B07FAE1A68108700A75B9A /* Alenga */ = {
			isa = PBXGroup;
			children = (
				B0E94AD92F17850F004BD30C /* Alenga-Bridging-Header.h */,
				045931042CE4A5F000219CCA /* Alenga.entitlements */,
				13B07FB51A68108700A75B9A /* Images.xcassets */,
				761780EC2CA45674006654EE /* AppDelegate.swift */,
				PMC0MO02BA68108700A75B9A /* PhotoMusicComposer.m */,
				PMC0SW01BA68108700A75B9A /* PhotoMusicComposer.swift */,
				13B07FB61A68108700A75B9A /* Info.plist */,
				81AB9BB72411601600AC10FF /* LaunchScreen.storyboard */,
				13B07FB81A68108700A75B9A /* PrivacyInfo.xcprivacy */,
				0B6315E31D7E47545A761BE2 /* PrivacyInfo.xcprivacy */,
			);
			name = Alenga;
			sourceTree = "<group>";
		};
		2D16E6871FA4F8E400B85C8A /* Frameworks */ = {
			isa = PBXGroup;
			children = (
				ED297162215061F000B7C4FE /* JavaScriptCore.framework */,
				7C672BE8170858E493D5499F /* Pods_Alenga.framework */,
			);
			name = Frameworks;
			sourceTree = "<group>";
		};
		832341AE1AAA6A7D00B99B32 /* Libraries */ = {
			isa = PBXGroup;
			children = (
			);
			name = Libraries;
			sourceTree = "<group>";
		};
		83CBB9F61A601CBA00E9B192 = {
			isa = PBXGroup;
			children = (
				041138022D26ACDA00AB2AEC /* GoogleService-Info.plist */,
				13B07FAE1A68108700A75B9A /* Alenga */,
				832341AE1AAA6A7D00B99B32 /* Libraries */,
				83CBBA001A601CBA00E9B192 /* Products */,
				2D16E6871FA4F8E400B85C8A /* Frameworks */,
				BBD78D7AC51CEA395F1C20DB /* Pods */,
				8892C63B998940F59E6EDA2C /* Resources */,
			);
			indentWidth = 2;
			sourceTree = "<group>";
			tabWidth = 2;
			usesTabs = 0;
		};
		83CBBA001A601CBA00E9B192 /* Products */ = {
			isa = PBXGroup;
			children = (
				13B07F961A680F5B00A75B9A /* Alenga.app */,
			);
			name = Products;
			sourceTree = "<group>";
		};
		8892C63B998940F59E6EDA2C /* Resources */ = {
			isa = PBXGroup;
			children = (
				87848DE4626C4DA2BCCB17D6 /* Inter-Black.otf */,
				9DD59F02687242F3890F4A86 /* Inter-BlackItalic.otf */,
				7435C9091AE140F49650E20A /* Inter-Bold.otf */,
				E402F2DFD0EA45BA88F23E75 /* Inter-BoldItalic.otf */,
				6EAAACF687C84638947D552F /* Inter-ExtraBold.otf */,
				EE2CA0DBD2844DFD9ED98007 /* Inter-ExtraBoldItalic.otf */,
				2950AA99D12B49B1962C5EBE /* Inter-ExtraLight-BETA.otf */,
				44D6DC5EB3D04DE7958370E6 /* Inter-ExtraLightItalic-BETA.otf */,
				16D903E74788455186A1C2E8 /* Inter-Italic.otf */,
				CA040788CFD74CC589FE063F /* Inter-Light-BETA.otf */,
				D97AD30C0545442E8F8B0875 /* Inter-LightItalic-BETA.otf */,
				A1671806E6164EAF919F0825 /* Inter-Medium.otf */,
				B19C625DE10A47AD9EF06A49 /* Inter-MediumItalic.otf */,
				58D442B58E444978850B61B7 /* Inter-Regular.otf */,
				A4B7AAE9D31647F4A2CBC22F /* Inter-SemiBold.otf */,
				D6AF32C94DAE443FBDA85122 /* Inter-SemiBoldItalic.otf */,
				9163DBCA10B84A88B218BBC3 /* Inter-Thin-BETA.otf */,
				B709FDB644AF4957B1FE6EBC /* Inter-ThinItalic-BETA.otf */,
				CBAFEBA95D0D4C4B9F89ACF5 /* Poppins-Black.ttf */,
				A6964CC6CC0F45209A527A59 /* Poppins-BlackItalic.ttf */,
				7F5E56E37B8247D8BC84DC29 /* Poppins-Bold.ttf */,
				714AC3454D894F42AB08C484 /* Poppins-BoldItalic.ttf */,
				5F902C6A8FA549F686F8F990 /* Poppins-ExtraBold.ttf */,
				AAE602A1FE0241D4A2F63FB4 /* Poppins-ExtraBoldItalic.ttf */,
				D8F37734D2984FC8A930BEAE /* Poppins-ExtraLight.ttf */,
				6FC143A151044B3A95799006 /* Poppins-ExtraLightItalic.ttf */,
				2E8A0E032F124AEAA186501D /* Poppins-Italic.ttf */,
				0BF3B0F1A3BC4B1AA08E4AD1 /* Poppins-Light.ttf */,
				3E72EB7C6B5A467696A00F7D /* Poppins-LightItalic.ttf */,
				E111766F1FAA48098B9DE510 /* Poppins-Medium.ttf */,
				E7198924A06E49BC8A40FB8E /* Poppins-MediumItalic.ttf */,
				0E56B10476A1442682D270EB /* Poppins-Regular.ttf */,
				EAD73C9906284FBAB43DA7A6 /* Poppins-SemiBold.ttf */,
				E2D366481E35489BA4062EB2 /* Poppins-SemiBoldItalic.ttf */,
				43AF5E3EEA8F457CBFC3DEBD /* Poppins-Thin.ttf */,
				6AE2DF83E05F403799F16E04 /* Poppins-ThinItalic.ttf */,
				E6875A99EBEA48C0B0D57FE3 /* index.tsx */,
			);
			name = Resources;
			sourceTree = "<group>";
		};
		BBD78D7AC51CEA395F1C20DB /* Pods */ = {
			isa = PBXGroup;
			children = (
				1BA2B792BC191AED0CBF7B7D /* Pods-Alenga.debug.xcconfig */,
				71FD974C4326847E00086637 /* Pods-Alenga.release.xcconfig */,
			);
			path = Pods;
			sourceTree = "<group>";
		};
/* End PBXGroup section */

/* Begin PBXNativeTarget section */
		13B07F861A680F5B00A75B9A /* Alenga */ = {
			isa = PBXNativeTarget;
			buildConfigurationList = 13B07F931A680F5B00A75B9A /* Build configuration list for PBXNativeTarget "Alenga" */;
			buildPhases = (
				C8733F17681CF284D50670AB /* [CP] Check Pods Manifest.lock */,
				13B07F871A680F5B00A75B9A /* Sources */,
				13B07F8C1A680F5B00A75B9A /* Frameworks */,
				13B07F8E1A680F5B00A75B9A /* Resources */,
				00DD1BFF1BD5951E006B06BC /* Bundle React Native code and images */,
				278310BA086F98D88C4DF4DE /* [CP] Embed Pods Frameworks */,
				02B5B6D9E24A2894ADD691AD /* [CP] Copy Pods Resources */,
				7D15A08F27F5F9ED1F2E6AC2 /* [CP-User] [RNFB] Core Configuration */,
			);
			buildRules = (
			);
			dependencies = (
			);
			name = Alenga;
			productName = Alenga;
			productReference = 13B07F961A680F5B00A75B9A /* Alenga.app */;
			productType = "com.apple.product-type.application";
		};
/* End PBXNativeTarget section */

/* Begin PBXProject section */
		83CBB9F71A601CBA00E9B192 /* Project object */ = {
			isa = PBXProject;
			attributes = {
				LastUpgradeCheck = 1210;
				TargetAttributes = {
					13B07F861A680F5B00A75B9A = {
						LastSwiftMigration = 1120;
					};
				};
			};
			buildConfigurationList = 83CBB9FA1A601CBA00E9B192 /* Build configuration list for PBXProject "Alenga" */;
			compatibilityVersion = "Xcode 12.0";
			developmentRegion = en;
			hasScannedForEncodings = 0;
			knownRegions = (
				en,
				Base,
			);
			mainGroup = 83CBB9F61A601CBA00E9B192;
			productRefGroup = 83CBBA001A601CBA00E9B192 /* Products */;
			projectDirPath = "";
			projectRoot = "";
			targets = (
				13B07F861A680F5B00A75B9A /* Alenga */,
			);
		};
/* End PBXProject section */

/* Begin PBXResourcesBuildPhase section */
		13B07F8E1A680F5B00A75B9A /* Resources */ = {
			isa = PBXResourcesBuildPhase;
			buildActionMask = 2147483647;
			files = (
				81AB9BB82411601600AC10FF /* LaunchScreen.storyboard in Resources */,
				041138032D26ACDA00AB2AEC /* GoogleService-Info.plist in Resources */,
				13B07FBF1A68108700A75B9A /* Images.xcassets in Resources */,
				111AC37F8029812AE524AC15 /* PrivacyInfo.xcprivacy in Resources */,
				BC0ACF15A7C243A288DBD8A8 /* Inter-Black.otf in Resources */,
				1DFF4B66C4934709B4691BDF /* Inter-BlackItalic.otf in Resources */,
				636F1EE0DD7E48298A539206 /* Inter-Bold.otf in Resources */,
				CD1E66BA7C0A4AA8A91FA327 /* Inter-BoldItalic.otf in Resources */,
				A98981266D374FB4BAB31009 /* Inter-ExtraBold.otf in Resources */,
				D50A8F7926EC446592973C8C /* Inter-ExtraBoldItalic.otf in Resources */,
				361968CAA91640EBAB06F8D6 /* Inter-ExtraLight-BETA.otf in Resources */,
				826116CAEF4447679EC2C26C /* Inter-ExtraLightItalic-BETA.otf in Resources */,
				596ECF4327FF42B3BC880002 /* Inter-Italic.otf in Resources */,
				AA2B525CB0084DEEA6FFF967 /* Inter-Light-BETA.otf in Resources */,
				72C022B5D6CA4BAD831F061D /* Inter-LightItalic-BETA.otf in Resources */,
				15664140DD0E4D04AC552C8F /* Inter-Medium.otf in Resources */,
				33A0A92D956942CAB498B7F2 /* Inter-MediumItalic.otf in Resources */,
				CAC4E7450BBE45C58C561939 /* Inter-Regular.otf in Resources */,
				6E04CA7C94F44E72A443A1D0 /* Inter-SemiBold.otf in Resources */,
				BA09851C20A14C91B8E7232A /* Inter-SemiBoldItalic.otf in Resources */,
				B15A8A0262D94D7BA0528F71 /* Inter-Thin-BETA.otf in Resources */,
				14DE3D4BC6364FBF8C2EB440 /* Inter-ThinItalic-BETA.otf in Resources */,
				3DEF9F5F998B4525B8D87E7F /* Poppins-Black.ttf in Resources */,
				49470586856549ECACF97060 /* Poppins-BlackItalic.ttf in Resources */,
				DB2CBB67C9D741869B68DDD8 /* Poppins-Bold.ttf in Resources */,
				BEE8919C659E4CB2BF6EDDD1 /* Poppins-BoldItalic.ttf in Resources */,
				57BC1FD525FB46DCB4933ADE /* Poppins-ExtraBold.ttf in Resources */,
				E43794DAFD9C4089A84A57F5 /* Poppins-ExtraBoldItalic.ttf in Resources */,
				6976EC6A129E4DD3BD29CB22 /* Poppins-ExtraLight.ttf in Resources */,
				78541BE586404E99B52F10DB /* Poppins-ExtraLightItalic.ttf in Resources */,
				FEAD2878279C4EC6BB77FF35 /* Poppins-Italic.ttf in Resources */,
				CB6B32D99DE143C9B80EFEAC /* Poppins-Light.ttf in Resources */,
				0B2BA5D5399444B68094E681 /* Poppins-LightItalic.ttf in Resources */,
				A0ACF5D7E8B64FBB9B159A04 /* Poppins-Medium.ttf in Resources */,
				B7DA85E3767349409187E4BD /* Poppins-MediumItalic.ttf in Resources */,
				466BCD76BE1D416E99D23A13 /* Poppins-Regular.ttf in Resources */,
				C623854EDF6941F199BE2B80 /* Poppins-SemiBold.ttf in Resources */,
				C17C7DEB79FA43449005B562 /* Poppins-SemiBoldItalic.ttf in Resources */,
				823CA0FE3D274542BE4F4594 /* Poppins-Thin.ttf in Resources */,
				7FBBD46B0E42471B8FA5EBC6 /* Poppins-ThinItalic.ttf in Resources */,
				08EF1B02A48B45EE99843519 /* index.tsx in Resources */,
			);
			runOnlyForDeploymentPostprocessing = 0;
		};
/* End PBXResourcesBuildPhase section */

/* Begin PBXShellScriptBuildPhase section */
		00DD1BFF1BD5951E006B06BC /* Bundle React Native code and images */ = {
			isa = PBXShellScriptBuildPhase;
			buildActionMask = 2147483647;
			files = (
			);
			inputPaths = (
				"$(SRCROOT)/.xcode.env.local",
				"$(SRCROOT)/.xcode.env",
			);
			name = "Bundle React Native code and images";
			outputPaths = (
			);
			runOnlyForDeploymentPostprocessing = 0;
			shellPath = /bin/sh;
			shellScript = "set -e\n\nWITH_ENVIRONMENT=\"$REACT_NATIVE_PATH/scripts/xcode/with-environment.sh\"\nREACT_NATIVE_XCODE=\"$REACT_NATIVE_PATH/scripts/react-native-xcode.sh\"\n\n/bin/sh -c \"$WITH_ENVIRONMENT $REACT_NATIVE_XCODE\"\n";
		};
		02B5B6D9E24A2894ADD691AD /* [CP] Copy Pods Resources */ = {
			isa = PBXShellScriptBuildPhase;
			buildActionMask = 2147483647;
			files = (
			);
			inputFileListPaths = (
				"${PODS_ROOT}/Target Support Files/Pods-Alenga/Pods-Alenga-resources-${CONFIGURATION}-input-files.xcfilelist",
			);
			inputPaths = (
			);
			name = "[CP] Copy Pods Resources";
			outputFileListPaths = (
				"${PODS_ROOT}/Target Support Files/Pods-Alenga/Pods-Alenga-resources-${CONFIGURATION}-output-files.xcfilelist",
			);
			outputPaths = (
			);
			runOnlyForDeploymentPostprocessing = 0;
			shellPath = /bin/sh;
			shellScript = "\"${PODS_ROOT}/Target Support Files/Pods-Alenga/Pods-Alenga-resources.sh\"\n";
			showEnvVarsInLog = 0;
		};
		278310BA086F98D88C4DF4DE /* [CP] Embed Pods Frameworks */ = {
			isa = PBXShellScriptBuildPhase;
			buildActionMask = 2147483647;
			files = (
			);
			inputFileListPaths = (
				"${PODS_ROOT}/Target Support Files/Pods-Alenga/Pods-Alenga-frameworks-${CONFIGURATION}-input-files.xcfilelist",
			);
			inputPaths = (
			);
			name = "[CP] Embed Pods Frameworks";
			outputFileListPaths = (
				"${PODS_ROOT}/Target Support Files/Pods-Alenga/Pods-Alenga-frameworks-${CONFIGURATION}-output-files.xcfilelist",
			);
			outputPaths = (
			);
			runOnlyForDeploymentPostprocessing = 0;
			shellPath = /bin/sh;
			shellScript = "\"${PODS_ROOT}/Target Support Files/Pods-Alenga/Pods-Alenga-frameworks.sh\"\n";
			showEnvVarsInLog = 0;
		};
		7D15A08F27F5F9ED1F2E6AC2 /* [CP-User] [RNFB] Core Configuration */ = {
			isa = PBXShellScriptBuildPhase;
			buildActionMask = 2147483647;
			files = (
			);
			inputPaths = (
				"$(BUILT_PRODUCTS_DIR)/$(INFOPLIST_PATH)",
			);
			name = "[CP-User] [RNFB] Core Configuration";
			outputPaths = (
			);
			runOnlyForDeploymentPostprocessing = 0;
			shellPath = /bin/sh;
			shellScript = "#!/usr/bin/env bash\n#\n# Copyright (c) 2016-present Invertase Limited & Contributors\n#\n# Licensed under the Apache License, Version 2.0 (the \"License\");\n# you may not use this library except in compliance with the License.\n# You may obtain a copy of the License at\n#\n#   http://www.apache.org/licenses/LICENSE-2.0\n#\n# Unless required by applicable law or agreed to in writing, software\n# distributed under the License is distributed on an \"AS IS\" BASIS,\n# WITHOUT WARRANTIES OR CONDITIONS OF ANY KIND, either express or implied.\n# See the License for the specific language governing permissions and\n# limitations under the License.\n#\n\n##########################################################################\n##########################################################################\n#\n#  NOTE THAT IF YOU CHANGE THIS FILE YOU MUST RUN pod install AFTERWARDS\n#\n#  This file is installed as an Xcode build script in the project file\n#  by cocoapods, and you will not see your changes until you pod install\n#\n##########################################################################\n##########################################################################\n\nset -e\n\n_MAX_LOOKUPS=2;\n_SEARCH_RESULT=''\n_RN_ROOT_EXISTS=''\n_CURRENT_LOOKUPS=1\n_JSON_ROOT=\"'react-native'\"\n_JSON_FILE_NAME='firebase.json'\n_JSON_OUTPUT_BASE64='e30=' # { }\n_CURRENT_SEARCH_DIR=${PROJECT_DIR}\n_PLIST_BUDDY=/usr/libexec/PlistBuddy\n_TARGET_PLIST=\"${BUILT_PRODUCTS_DIR}/${INFOPLIST_PATH}\"\n_DSYM_PLIST=\"${DWARF_DSYM_FOLDER_PATH}/${DWARF_DSYM_FILE_NAME}/Contents/Info.plist\"\n\n# plist arrays\n_PLIST_ENTRY_KEYS=()\n_PLIST_ENTRY_TYPES=()\n_PLIST_ENTRY_VALUES=()\n\nfunction setPlistValue {\n  echo \"info:      setting plist entry '$1' of type '$2' in file '$4'\"\n  ${_PLIST_BUDDY} -c \"Add :$1 $2 '$3'\" $4 || echo \"info:      '$1' already exists\"\n}\n\nfunction getFirebaseJsonKeyValue () {\n  if [[ ${_RN_ROOT_EXISTS} ]]; then\n    ruby -Ku -e \"require 'rubygems';require 'json'; output=JSON.parse('$1'); puts output[$_JSON_ROOT]['$2']\"\n  else\n    echo \"\"\n  fi;\n}\n\nfunction jsonBoolToYesNo () {\n  if [[ $1 == \"false\" ]]; then\n    echo \"NO\"\n  elif [[ $1 == \"true\" ]]; then\n    echo \"YES\"\n  else echo \"NO\"\n  fi\n}\n\necho \"info: -> RNFB build script started\"\necho \"info: 1) Locating ${_JSON_FILE_NAME} file:\"\n\nif [[ -z ${_CURRENT_SEARCH_DIR} ]]; then\n  _CURRENT_SEARCH_DIR=$(pwd)\nfi;\n\nwhile true; do\n  _CURRENT_SEARCH_DIR=$(dirname \"$_CURRENT_SEARCH_DIR\")\n  if [[ \"$_CURRENT_SEARCH_DIR\" == \"/\" ]] || [[ ${_CURRENT_LOOKUPS} -gt ${_MAX_LOOKUPS} ]]; then break; fi;\n  echo \"info:      ($_CURRENT_LOOKUPS of $_MAX_LOOKUPS) Searching in '$_CURRENT_SEARCH_DIR' for a ${_JSON_FILE_NAME} file.\"\n  _SEARCH_RESULT=$(find \"$_CURRENT_SEARCH_DIR\" -maxdepth 2 -name ${_JSON_FILE_NAME} -print | /usr/bin/head -n 1)\n  if [[ ${_SEARCH_RESULT} ]]; then\n    echo \"info:      ${_JSON_FILE_NAME} found at $_SEARCH_RESULT\"\n    break;\n  fi;\n  _CURRENT_LOOKUPS=$((_CURRENT_LOOKUPS+1))\ndone\n\nif [[ ${_SEARCH_RESULT} ]]; then\n  _JSON_OUTPUT_RAW=$(cat \"${_SEARCH_RESULT}\")\n  _RN_ROOT_EXISTS=$(ruby -Ku -e \"require 'rubygems';require 'json'; output=JSON.parse('$_JSON_OUTPUT_RAW'); puts output[$_JSON_ROOT]\" || echo '')\n\n  if [[ ${_RN_ROOT_EXISTS} ]]; then\n    if ! python3 --version >/dev/null 2>&1; then echo \"python3 not found, firebase.json file processing error.\" && exit 1; fi\n    _JSON_OUTPUT_BASE64=$(python3 -c 'import json,sys,base64;print(base64.b64encode(bytes(json.dumps(json.loads(open('\"'${_SEARCH_RESULT}'\"', '\"'rb'\"').read())['${_JSON_ROOT}']), '\"'utf-8'\"')).decode())' || echo \"e30=\")\n  fi\n\n  _PLIST_ENTRY_KEYS+=(\"firebase_json_raw\")\n  _PLIST_ENTRY_TYPES+=(\"string\")\n  _PLIST_ENTRY_VALUES+=(\"$_JSON_OUTPUT_BASE64\")\n\n  # config.app_data_collection_default_enabled\n  _APP_DATA_COLLECTION_ENABLED=$(getFirebaseJsonKeyValue \"$_JSON_OUTPUT_RAW\" \"app_data_collection_default_enabled\")\n  if [[ $_APP_DATA_COLLECTION_ENABLED ]]; then\n    _PLIST_ENTRY_KEYS+=(\"FirebaseDataCollectionDefaultEnabled\")\n    _PLIST_ENTRY_TYPES+=(\"bool\")\n    _PLIST_ENTRY_VALUES+=(\"$(jsonBoolToYesNo \"$_APP_DATA_COLLECTION_ENABLED\")\")\n  fi\n\n  # config.analytics_auto_collection_enabled\n  _ANALYTICS_AUTO_COLLECTION=$(getFirebaseJsonKeyValue \"$_JSON_OUTPUT_RAW\" \"analytics_auto_collection_enabled\")\n  if [[ $_ANALYTICS_AUTO_COLLECTION ]]; then\n    _PLIST_ENTRY_KEYS+=(\"FIREBASE_ANALYTICS_COLLECTION_ENABLED\")\n    _PLIST_ENTRY_TYPES+=(\"bool\")\n    _PLIST_ENTRY_VALUES+=(\"$(jsonBoolToYesNo \"$_ANALYTICS_AUTO_COLLECTION\")\")\n  fi\n\n  # config.analytics_collection_deactivated\n  _ANALYTICS_DEACTIVATED=$(getFirebaseJsonKeyValue \"$_JSON_OUTPUT_RAW\" \"analytics_collection_deactivated\")\n  if [[ $_ANALYTICS_DEACTIVATED ]]; then\n    _PLIST_ENTRY_KEYS+=(\"FIREBASE_ANALYTICS_COLLECTION_DEACTIVATED\")\n    _PLIST_ENTRY_TYPES+=(\"bool\")\n    _PLIST_ENTRY_VALUES+=(\"$(jsonBoolToYesNo \"$_ANALYTICS_DEACTIVATED\")\")\n  fi\n\n  # config.analytics_idfv_collection_enabled\n  _ANALYTICS_IDFV_COLLECTION=$(getFirebaseJsonKeyValue \"$_JSON_OUTPUT_RAW\" \"analytics_idfv_collection_enabled\")\n  if [[ $_ANALYTICS_IDFV_COLLECTION ]]; then\n    _PLIST_ENTRY_KEYS+=(\"GOOGLE_ANALYTICS_IDFV_COLLECTION_ENABLED\")\n    _PLIST_ENTRY_TYPES+=(\"bool\")\n    _PLIST_ENTRY_VALUES+=(\"$(jsonBoolToYesNo \"$_ANALYTICS_IDFV_COLLECTION\")\")\n  fi\n\n  # config.analytics_default_allow_analytics_storage\n  _ANALYTICS_STORAGE=$(getFirebaseJsonKeyValue \"$_JSON_OUTPUT_RAW\" \"analytics_default_allow_analytics_storage\")\n  if [[ $_ANALYTICS_STORAGE ]]; then\n    _PLIST_ENTRY_KEYS+=(\"GOOGLE_ANALYTICS_DEFAULT_ALLOW_ANALYTICS_STORAGE\")\n    _PLIST_ENTRY_TYPES+=(\"bool\")\n    _PLIST_ENTRY_VALUES+=(\"$(jsonBoolToYesNo \"$_ANALYTICS_STORAGE\")\")\n  fi\n\n  # config.analytics_default_allow_ad_storage\n  _ANALYTICS_AD_STORAGE=$(getFirebaseJsonKeyValue \"$_JSON_OUTPUT_RAW\" \"analytics_default_allow_ad_storage\")\n  if [[ $_ANALYTICS_AD_STORAGE ]]; then\n    _PLIST_ENTRY_KEYS+=(\"GOOGLE_ANALYTICS_DEFAULT_ALLOW_AD_STORAGE\")\n    _PLIST_ENTRY_TYPES+=(\"bool\")\n    _PLIST_ENTRY_VALUES+=(\"$(jsonBoolToYesNo \"$_ANALYTICS_AD_STORAGE\")\")\n  fi\n\n  # config.analytics_default_allow_ad_user_data\n  _ANALYTICS_AD_USER_DATA=$(getFirebaseJsonKeyValue \"$_JSON_OUTPUT_RAW\" \"analytics_default_allow_ad_user_data\")\n  if [[ $_ANALYTICS_AD_USER_DATA ]]; then\n    _PLIST_ENTRY_KEYS+=(\"GOOGLE_ANALYTICS_DEFAULT_ALLOW_AD_USER_DATA\")\n    _PLIST_ENTRY_TYPES+=(\"bool\")\n    _PLIST_ENTRY_VALUES+=(\"$(jsonBoolToYesNo \"$_ANALYTICS_AD_USER_DATA\")\")\n  fi\n\n  # config.analytics_default_allow_ad_personalization_signals\n  _ANALYTICS_PERSONALIZATION=$(getFirebaseJsonKeyValue \"$_JSON_OUTPUT_RAW\" \"analytics_default_allow_ad_personalization_signals\")\n  if [[ $_ANALYTICS_PERSONALIZATION ]]; then\n    _PLIST_ENTRY_KEYS+=(\"GOOGLE_ANALYTICS_DEFAULT_ALLOW_AD_PERSONALIZATION_SIGNALS\")\n    _PLIST_ENTRY_TYPES+=(\"bool\")\n    _PLIST_ENTRY_VALUES+=(\"$(jsonBoolToYesNo \"$_ANALYTICS_PERSONALIZATION\")\")\n  fi\n\n  # config.analytics_registration_with_ad_network_enabled\n  _ANALYTICS_REGISTRATION_WITH_AD_NETWORK=$(getFirebaseJsonKeyValue \"$_JSON_OUTPUT_RAW\" \"google_analytics_registration_with_ad_network_enabled\")\n  if [[ $_ANALYTICS_REGISTRATION_WITH_AD_NETWORK ]]; then\n    _PLIST_ENTRY_KEYS+=(\"GOOGLE_ANALYTICS_REGISTRATION_WITH_AD_NETWORK_ENABLED\")\n    _PLIST_ENTRY_TYPES+=(\"bool\")\n    _PLIST_ENTRY_VALUES+=(\"$(jsonBoolToYesNo \"$_ANALYTICS_REGISTRATION_WITH_AD_NETWORK\")\")\n  fi\n\n  # config.google_analytics_automatic_screen_reporting_enabled\n  _ANALYTICS_AUTO_SCREEN_REPORTING=$(getFirebaseJsonKeyValue \"$_JSON_OUTPUT_RAW\" \"google_analytics_automatic_screen_reporting_enabled\")\n  if [[ $_ANALYTICS_AUTO_SCREEN_REPORTING ]]; then\n    _PLIST_ENTRY_KEYS+=(\"FirebaseAutomaticScreenReportingEnabled\")\n    _PLIST_ENTRY_TYPES+=(\"bool\")\n    _PLIST_ENTRY_VALUES+=(\"$(jsonBoolToYesNo \"$_ANALYTICS_AUTO_SCREEN_REPORTING\")\")\n  fi\n\n  # config.perf_auto_collection_enabled\n  _PERF_AUTO_COLLECTION=$(getFirebaseJsonKeyValue \"$_JSON_OUTPUT_RAW\" \"perf_auto_collection_enabled\")\n  if [[ $_PERF_AUTO_COLLECTION ]]; then\n    _PLIST_ENTRY_KEYS+=(\"firebase_performance_collection_enabled\")\n    _PLIST_ENTRY_TYPES+=(\"bool\")\n    _PLIST_ENTRY_VALUES+=(\"$(jsonBoolToYesNo \"$_PERF_AUTO_COLLECTION\")\")\n  fi\n\n  # config.perf_collection_deactivated\n  _PERF_DEACTIVATED=$(getFirebaseJsonKeyValue \"$_JSON_OUTPUT_RAW\" \"perf_collection_deactivated\")\n  if [[ $_PERF_DEACTIVATED ]]; then\n    _PLIST_ENTRY_KEYS+=(\"firebase_performance_collection_deactivated\")\n    _PLIST_ENTRY_TYPES+=(\"bool\")\n    _PLIST_ENTRY_VALUES+=(\"$(jsonBoolToYesNo \"$_PERF_DEACTIVATED\")\")\n  fi\n\n  # config.messaging_auto_init_enabled\n  _MESSAGING_AUTO_INIT=$(getFirebaseJsonKeyValue \"$_JSON_OUTPUT_RAW\" \"messaging_auto_init_enabled\")\n  if [[ $_MESSAGING_AUTO_INIT ]]; then\n    _PLIST_ENTRY_KEYS+=(\"FirebaseMessagingAutoInitEnabled\")\n    _PLIST_ENTRY_TYPES+=(\"bool\")\n    _PLIST_ENTRY_VALUES+=(\"$(jsonBoolToYesNo \"$_MESSAGING_AUTO_INIT\")\")\n  fi\n\n  # config.in_app_messaging_auto_colllection_enabled\n  _FIAM_AUTO_INIT=$(getFirebaseJsonKeyValue \"$_JSON_OUTPUT_RAW\" \"in_app_messaging_auto_collection_enabled\")\n  if [[ $_FIAM_AUTO_INIT ]]; then\n    _PLIST_ENTRY_KEYS+=(\"FirebaseInAppMessagingAutomaticDataCollectionEnabled\")\n    _PLIST_ENTRY_TYPES+=(\"bool\")\n    _PLIST_ENTRY_VALUES+=(\"$(jsonBoolToYesNo \"$_FIAM_AUTO_INIT\")\")\n  fi\n\n  # config.app_check_token_auto_refresh\n  _APP_CHECK_TOKEN_AUTO_REFRESH=$(getFirebaseJsonKeyValue \"$_JSON_OUTPUT_RAW\" \"app_check_token_auto_refresh\")\n  if [[ $_APP_CHECK_TOKEN_AUTO_REFRESH ]]; then\n    _PLIST_ENTRY_KEYS+=(\"FirebaseAppCheckTokenAutoRefreshEnabled\")\n    _PLIST_ENTRY_TYPES+=(\"bool\")\n    _PLIST_ENTRY_VALUES+=(\"$(jsonBoolToYesNo \"$_APP_CHECK_TOKEN_AUTO_REFRESH\")\")\n  fi\n\n  # config.crashlytics_disable_auto_disabler - undocumented for now - mainly for debugging, document if becomes useful\n  _CRASHLYTICS_AUTO_DISABLE_ENABLED=$(getFirebaseJsonKeyValue \"$_JSON_OUTPUT_RAW\" \"crashlytics_disable_auto_disabler\")\n  if [[ $_CRASHLYTICS_AUTO_DISABLE_ENABLED == \"true\" ]]; then\n    echo \"Disabled Crashlytics auto disabler.\" # do nothing\n  else\n    _PLIST_ENTRY_KEYS+=(\"FirebaseCrashlyticsCollectionEnabled\")\n    _PLIST_ENTRY_TYPES+=(\"bool\")\n    _PLIST_ENTRY_VALUES+=(\"NO\")\n  fi\nelse\n  _PLIST_ENTRY_KEYS+=(\"firebase_json_raw\")\n  _PLIST_ENTRY_TYPES+=(\"string\")\n  _PLIST_ENTRY_VALUES+=(\"$_JSON_OUTPUT_BASE64\")\n  echo \"warning:   A firebase.json file was not found, whilst this file is optional it is recommended to include it to configure firebase services in React Native Firebase.\"\nfi;\n\necho \"info: 2) Injecting Info.plist entries: \"\n\n# Log out the keys we're adding\nfor i in \"${!_PLIST_ENTRY_KEYS[@]}\"; do\n  echo \"    ->  $i) ${_PLIST_ENTRY_KEYS[$i]}\" \"${_PLIST_ENTRY_TYPES[$i]}\" \"${_PLIST_ENTRY_VALUES[$i]}\"\ndone\n\nfor plist in \"${_TARGET_PLIST}\" \"${_DSYM_PLIST}\" ; do\n  if [[ -f \"${plist}\" ]]; then\n\n    # paths with spaces break the call to setPlistValue. temporarily modify\n    # the shell internal field separator variable (IFS), which normally\n    # includes spaces, to consist only of line breaks\n    oldifs=$IFS\n    IFS=\"\n\"\n\n    for i in \"${!_PLIST_ENTRY_KEYS[@]}\"; do\n      setPlistValue \"${_PLIST_ENTRY_KEYS[$i]}\" \"${_PLIST_ENTRY_TYPES[$i]}\" \"${_PLIST_ENTRY_VALUES[$i]}\" \"${plist}\"\n    done\n\n    # restore the original internal field separator value\n    IFS=$oldifs\n  else\n    echo \"warning:   A Info.plist build output file was not found (${plist})\"\n  fi\ndone\n\necho \"info: <- RNFB build script finished\"\n";
		};
		C8733F17681CF284D50670AB /* [CP] Check Pods Manifest.lock */ = {
			isa = PBXShellScriptBuildPhase;
			buildActionMask = 2147483647;
			files = (
			);
			inputFileListPaths = (
			);
			inputPaths = (
				"${PODS_PODFILE_DIR_PATH}/Podfile.lock",
				"${PODS_ROOT}/Manifest.lock",
			);
			name = "[CP] Check Pods Manifest.lock";
			outputFileListPaths = (
			);
			outputPaths = (
				"$(DERIVED_FILE_DIR)/Pods-Alenga-checkManifestLockResult.txt",
			);
			runOnlyForDeploymentPostprocessing = 0;
			shellPath = /bin/sh;
			shellScript = "diff \"${PODS_PODFILE_DIR_PATH}/Podfile.lock\" \"${PODS_ROOT}/Manifest.lock\" > /dev/null\nif [ $? != 0 ] ; then\n    # print error to STDERR\n    echo \"error: The sandbox is not in sync with the Podfile.lock. Run 'pod install' or update your CocoaPods installation.\" >&2\n    exit 1\nfi\n# This output is used by Xcode 'outputs' to avoid re-running this script phase.\necho \"SUCCESS\" > \"${SCRIPT_OUTPUT_FILE_0}\"\n";
			showEnvVarsInLog = 0;
		};
/* End PBXShellScriptBuildPhase section */

/* Begin PBXSourcesBuildPhase section */
		13B07F871A680F5B00A75B9A /* Sources */ = {
			isa = PBXSourcesBuildPhase;
			buildActionMask = 2147483647;
			files = (
				761780ED2CA45674006654EE /* AppDelegate.swift in Sources */,
				PMC0MO04BA68108700A75B9A /* PhotoMusicComposer.m in Sources */,
				PMC0SW03BA68108700A75B9A /* PhotoMusicComposer.swift in Sources */,
			);
			runOnlyForDeploymentPostprocessing = 0;
		};
/* End PBXSourcesBuildPhase section */

/* Begin XCBuildConfiguration section */
		13B07F941A680F5B00A75B9A /* Debug */ = {
			isa = XCBuildConfiguration;
			baseConfigurationReference = 1BA2B792BC191AED0CBF7B7D /* Pods-Alenga.debug.xcconfig */;
			buildSettings = {
				ASSETCATALOG_COMPILER_APPICON_NAME = AppIcon;
				CLANG_ENABLE_MODULES = YES;
				CODE_SIGN_ENTITLEMENTS = Alenga/Alenga.entitlements;
				CODE_SIGN_IDENTITY = "Apple Development";
				CODE_SIGN_STYLE = Automatic;
				CURRENT_PROJECT_VERSION = 1018;
				DEVELOPMENT_TEAM = SPXJB5J6LJ;
				ENABLE_BITCODE = NO;
				"EXCLUDED_ARCHS[sdk=iphonesimulator*]" = "$(inherited)";
				FRAMEWORK_SEARCH_PATHS = (
					"$(inherited)",
					"\"${PODS_CONFIGURATION_BUILD_DIR}/AppAuth\"",
					"\"${PODS_CONFIGURATION_BUILD_DIR}/BVLinearGradient\"",
					"\"${PODS_CONFIGURATION_BUILD_DIR}/BoringSSL-GRPC\"",
					"\"${PODS_CONFIGURATION_BUILD_DIR}/ComputableLayout\"",
					"\"${PODS_CONFIGURATION_BUILD_DIR}/ContextMenuAuxiliaryPreview\"",
					"\"${PODS_CONFIGURATION_BUILD_DIR}/DGSwiftUtilities\"",
					"\"${PODS_CONFIGURATION_BUILD_DIR}/DoubleConversion\"",
					"\"${PODS_CONFIGURATION_BUILD_DIR}/FirebaseAppCheckInterop\"",
					"\"${PODS_CONFIGURATION_BUILD_DIR}/FirebaseCore\"",
					"\"${PODS_CONFIGURATION_BUILD_DIR}/FirebaseCoreExtension\"",
					"\"${PODS_CONFIGURATION_BUILD_DIR}/FirebaseCoreInternal\"",
					"\"${PODS_CONFIGURATION_BUILD_DIR}/FirebaseFirestore\"",
					"\"${PODS_CONFIGURATION_BUILD_DIR}/FirebaseFirestoreInternal\"",
					"\"${PODS_CONFIGURATION_BUILD_DIR}/FirebaseInstallations\"",
					"\"${PODS_CONFIGURATION_BUILD_DIR}/FirebaseMessaging\"",
					"\"${PODS_CONFIGURATION_BUILD_DIR}/FirebaseSharedSwift\"",
					"\"${PODS_CONFIGURATION_BUILD_DIR}/GTMAppAuth\"",
					"\"${PODS_CONFIGURATION_BUILD_DIR}/GTMSessionFetcher\"",
					"\"${PODS_CONFIGURATION_BUILD_DIR}/GoogleDataTransport\"",
					"\"${PODS_CONFIGURATION_BUILD_DIR}/GoogleSignIn\"",
					"\"${PODS_CONFIGURATION_BUILD_DIR}/GoogleUtilities\"",
					"\"${PODS_CONFIGURATION_BUILD_DIR}/PromisesObjC\"",
					"\"${PODS_CONFIGURATION_BUILD_DIR}/RCT-Folly\"",
					"\"${PODS_CONFIGURATION_BUILD_DIR}/RCTDeprecation\"",
					"\"${PODS_CONFIGURATION_BUILD_DIR}/RCTTypeSafety\"",
					"\"${PODS_CONFIGURATION_BUILD_DIR}/RNAppleAuthentication\"",
					"\"${PODS_CONFIGURATION_BUILD_DIR}/RNBootSplash\"",
					"\"${PODS_CONFIGURATION_BUILD_DIR}/RNCAsyncStorage\"",
					"\"${PODS_CONFIGURATION_BUILD_DIR}/RNCMaskedView\"",
					"\"${PODS_CONFIGURATION_BUILD_DIR}/RNCPicker\"",
					"\"${PODS_CONFIGURATION_BUILD_DIR}/RNCPushNotificationIOS\"",
					"\"${PODS_CONFIGURATION_BUILD_DIR}/RNDateTimePicker\"",
					"\"${PODS_CONFIGURATION_BUILD_DIR}/RNFBApp\"",
					"\"${PODS_CONFIGURATION_BUILD_DIR}/RNFBFirestore\"",
					"\"${PODS_CONFIGURATION_BUILD_DIR}/RNFBMessaging\"",
					"\"${PODS_CONFIGURATION_BUILD_DIR}/RNFS\"",
					"\"${PODS_CONFIGURATION_BUILD_DIR}/RNFlashList\"",
					"\"${PODS_CONFIGURATION_BUILD_DIR}/RNGestureHandler\"",
					"\"${PODS_CONFIGURATION_BUILD_DIR}/RNGoogleSignin\"",
					"\"${PODS_CONFIGURATION_BUILD_DIR}/RNInAppBrowser\"",
					"\"${PODS_CONFIGURATION_BUILD_DIR}/RNLocalize\"",
					"\"${PODS_CONFIGURATION_BUILD_DIR}/RNPermissions\"",
					"\"${PODS_CONFIGURATION_BUILD_DIR}/RNReanimated\"",
					"\"${PODS_CONFIGURATION_BUILD_DIR}/RNSVG\"",
					"\"${PODS_CONFIGURATION_BUILD_DIR}/RNScreens\"",
					"\"${PODS_CONFIGURATION_BUILD_DIR}/RNVectorIcons\"",
					"\"${PODS_CONFIGURATION_BUILD_DIR}/React-Core\"",
					"\"${PODS_CONFIGURATION_BUILD_DIR}/React-CoreModules\"",
					"\"${PODS_CONFIGURATION_BUILD_DIR}/React-Fabric\"",
					"\"${PODS_CONFIGURATION_BUILD_DIR}/React-FabricComponents\"",
					"\"${PODS_CONFIGURATION_BUILD_DIR}/React-FabricImage\"",
					"\"${PODS_CONFIGURATION_BUILD_DIR}/React-ImageManager\"",
					"\"${PODS_CONFIGURATION_BUILD_DIR}/React-Mapbuffer\"",
					"\"${PODS_CONFIGURATION_BUILD_DIR}/React-NativeModulesApple\"",
					"\"${PODS_CONFIGURATION_BUILD_DIR}/React-RCTAnimation\"",
					"\"${PODS_CONFIGURATION_BUILD_DIR}/React-RCTAppDelegate\"",
					"\"${PODS_CONFIGURATION_BUILD_DIR}/React-RCTBlob\"",
					"\"${PODS_CONFIGURATION_BUILD_DIR}/React-RCTFBReactNativeSpec\"",
					"\"${PODS_CONFIGURATION_BUILD_DIR}/React-RCTFabric\"",
					"\"${PODS_CONFIGURATION_BUILD_DIR}/React-RCTImage\"",
					"\"${PODS_CONFIGURATION_BUILD_DIR}/React-RCTLinking\"",
					"\"${PODS_CONFIGURATION_BUILD_DIR}/React-RCTNetwork\"",
					"\"${PODS_CONFIGURATION_BUILD_DIR}/React-RCTRuntime\"",
					"\"${PODS_CONFIGURATION_BUILD_DIR}/React-RCTSettings\"",
					"\"${PODS_CONFIGURATION_BUILD_DIR}/React-RCTText\"",
					"\"${PODS_CONFIGURATION_BUILD_DIR}/React-RCTVibration\"",
					"\"${PODS_CONFIGURATION_BUILD_DIR}/React-RuntimeApple\"",
					"\"${PODS_CONFIGURATION_BUILD_DIR}/React-RuntimeCore\"",
					"\"${PODS_CONFIGURATION_BUILD_DIR}/React-RuntimeHermes\"",
					"\"${PODS_CONFIGURATION_BUILD_DIR}/React-cxxreact\"",
					"\"${PODS_CONFIGURATION_BUILD_DIR}/React-debug\"",
					"\"${PODS_CONFIGURATION_BUILD_DIR}/React-defaultsnativemodule\"",
					"\"${PODS_CONFIGURATION_BUILD_DIR}/React-domnativemodule\"",
					"\"${PODS_CONFIGURATION_BUILD_DIR}/React-featureflags\"",
					"\"${PODS_CONFIGURATION_BUILD_DIR}/React-featureflagsnativemodule\"",
					"\"${PODS_CONFIGURATION_BUILD_DIR}/React-graphics\"",
					"\"${PODS_CONFIGURATION_BUILD_DIR}/React-hermes\"",
					"\"${PODS_CONFIGURATION_BUILD_DIR}/React-idlecallbacksnativemodule\"",
					"\"${PODS_CONFIGURATION_BUILD_DIR}/React-jserrorhandler\"",
					"\"${PODS_CONFIGURATION_BUILD_DIR}/React-jsi\"",
					"\"${PODS_CONFIGURATION_BUILD_DIR}/React-jsiexecutor\"",
					"\"${PODS_CONFIGURATION_BUILD_DIR}/React-jsinspector\"",
					"\"${PODS_CONFIGURATION_BUILD_DIR}/React-jsinspectortracing\"",
					"\"${PODS_CONFIGURATION_BUILD_DIR}/React-jsitooling\"",
					"\"${PODS_CONFIGURATION_BUILD_DIR}/React-logger\"",
					"\"${PODS_CONFIGURATION_BUILD_DIR}/React-microtasksnativemodule\"",
					"\"${PODS_CONFIGURATION_BUILD_DIR}/React-oscompat\"",
					"\"${PODS_CONFIGURATION_BUILD_DIR}/React-perflogger\"",
					"\"${PODS_CONFIGURATION_BUILD_DIR}/React-performancetimeline\"",
					"\"${PODS_CONFIGURATION_BUILD_DIR}/React-rendererconsistency\"",
					"\"${PODS_CONFIGURATION_BUILD_DIR}/React-renderercss\"",
					"\"${PODS_CONFIGURATION_BUILD_DIR}/React-rendererdebug\"",
					"\"${PODS_CONFIGURATION_BUILD_DIR}/React-runtimescheduler\"",
					"\"${PODS_CONFIGURATION_BUILD_DIR}/React-utils\"",
					"\"${PODS_CONFIGURATION_BUILD_DIR}/ReactAppDependencyProvider\"",
					"\"${PODS_CONFIGURATION_BUILD_DIR}/ReactCodegen\"",
					"\"${PODS_CONFIGURATION_BUILD_DIR}/ReactCommon\"",
					"\"${PODS_CONFIGURATION_BUILD_DIR}/SocketRocket\"",
					"\"${PODS_CONFIGURATION_BUILD_DIR}/VisionCamera\"",
					"\"${PODS_CONFIGURATION_BUILD_DIR}/Yoga\"",
					"\"${PODS_CONFIGURATION_BUILD_DIR}/abseil\"",
					"\"${PODS_CONFIGURATION_BUILD_DIR}/fmt\"",
					"\"${PODS_CONFIGURATION_BUILD_DIR}/gRPC-C++\"",
					"\"${PODS_CONFIGURATION_BUILD_DIR}/gRPC-Core\"",
					"\"${PODS_CONFIGURATION_BUILD_DIR}/glog\"",
					"\"${PODS_CONFIGURATION_BUILD_DIR}/leveldb-library\"",
					"\"${PODS_CONFIGURATION_BUILD_DIR}/nanopb\"",
					"\"${PODS_CONFIGURATION_BUILD_DIR}/react-native-agora\"",
					"\"${PODS_CONFIGURATION_BUILD_DIR}/react-native-blur\"",
					"\"${PODS_CONFIGURATION_BUILD_DIR}/react-native-cameraroll\"",
					"\"${PODS_CONFIGURATION_BUILD_DIR}/react-native-date-picker\"",
					"\"${PODS_CONFIGURATION_BUILD_DIR}/react-native-encrypted-storage\"",
					"\"${PODS_CONFIGURATION_BUILD_DIR}/react-native-geolocation-service\"",
					"\"${PODS_CONFIGURATION_BUILD_DIR}/react-native-image-picker\"",
					"\"${PODS_CONFIGURATION_BUILD_DIR}/react-native-ios-context-menu\"",
					"\"${PODS_CONFIGURATION_BUILD_DIR}/react-native-ios-utilities\"",
					"\"${PODS_CONFIGURATION_BUILD_DIR}/react-native-keyboard-controller\"",
					"\"${PODS_CONFIGURATION_BUILD_DIR}/react-native-menu\"",
					"\"${PODS_CONFIGURATION_BUILD_DIR}/react-native-pager-view\"",
					"\"${PODS_CONFIGURATION_BUILD_DIR}/react-native-safe-area-context\"",
					"\"${PODS_CONFIGURATION_BUILD_DIR}/react-native-video\"",
					"\"${PODS_CONFIGURATION_BUILD_DIR}/react-native-webview\"",
					"\"${PODS_ROOT}/AgoraInfra_iOS\"",
					"\"${PODS_ROOT}/AgoraIrisRTC_iOS\"",
					"\"${PODS_ROOT}/AgoraRtcEngine_iOS\"",
					"\"${PODS_ROOT}/hermes-engine/destroot/Library/Frameworks/universal\"",
					"\"${PODS_XCFRAMEWORKS_BUILD_DIR}/AgoraInfra_iOS\"",
					"\"${PODS_XCFRAMEWORKS_BUILD_DIR}/AgoraIrisRTC_iOS\"",
					"\"${PODS_XCFRAMEWORKS_BUILD_DIR}/AgoraRtcEngine_iOS/AIAEC\"",
					"\"${PODS_XCFRAMEWORKS_BUILD_DIR}/AgoraRtcEngine_iOS/AIAECLL\"",
					"\"${PODS_XCFRAMEWORKS_BUILD_DIR}/AgoraRtcEngine_iOS/AINS\"",
					"\"${PODS_XCFRAMEWORKS_BUILD_DIR}/AgoraRtcEngine_iOS/AINSLL\"",
					"\"${PODS_XCFRAMEWORKS_BUILD_DIR}/AgoraRtcEngine_iOS/AudioBeauty\"",
					"\"${PODS_XCFRAMEWORKS_BUILD_DIR}/AgoraRtcEngine_iOS/ClearVision\"",
					"\"${PODS_XCFRAMEWORKS_BUILD_DIR}/AgoraRtcEngine_iOS/ContentInspect\"",
					"\"${PODS_XCFRAMEWORKS_BUILD_DIR}/AgoraRtcEngine_iOS/FaceCapture\"",
					"\"${PODS_XCFRAMEWORKS_BUILD_DIR}/AgoraRtcEngine_iOS/FaceDetection\"",
					"\"${PODS_XCFRAMEWORKS_BUILD_DIR}/AgoraRtcEngine_iOS/LipSync\"",
					"\"${PODS_XCFRAMEWORKS_BUILD_DIR}/AgoraRtcEngine_iOS/ReplayKit\"",
					"\"${PODS_XCFRAMEWORKS_BUILD_DIR}/AgoraRtcEngine_iOS/RtcBasic\"",
					"\"${PODS_XCFRAMEWORKS_BUILD_DIR}/AgoraRtcEngine_iOS/SpatialAudio\"",
					"\"${PODS_XCFRAMEWORKS_BUILD_DIR}/AgoraRtcEngine_iOS/VQA\"",
					"\"${PODS_XCFRAMEWORKS_BUILD_DIR}/AgoraRtcEngine_iOS/VideoAv1CodecDec\"",
					"\"${PODS_XCFRAMEWORKS_BUILD_DIR}/AgoraRtcEngine_iOS/VideoAv1CodecEnc\"",
					"\"${PODS_XCFRAMEWORKS_BUILD_DIR}/AgoraRtcEngine_iOS/VideoCodecDec\"",
					"\"${PODS_XCFRAMEWORKS_BUILD_DIR}/AgoraRtcEngine_iOS/VideoCodecEnc\"",
					"\"${PODS_XCFRAMEWORKS_BUILD_DIR}/AgoraRtcEngine_iOS/VirtualBackground\"",
					"\"${PODS_XCFRAMEWORKS_BUILD_DIR}/hermes-engine/Pre-built\"",
				);
				GCC_PREPROCESSOR_DEFINITIONS = (
					"$(inherited)",
					"FLT_MAX=3.40282346638528859811704183484516925e+38F",
					"FLT_MIN=1.17549435082228750796873653722224568e-38F",
				);
				HEADER_SEARCH_PATHS = (
					"$(inherited)",
					"\"${PODS_CONFIGURATION_BUILD_DIR}/AppAuth/AppAuth.framework/Headers\"",
					"\"${PODS_CONFIGURATION_BUILD_DIR}/BVLinearGradient/BVLinearGradient.framework/Headers\"",
					"\"${PODS_CONFIGURATION_BUILD_DIR}/BoringSSL-GRPC/openssl_grpc.framework/Headers\"",
					"\"${PODS_CONFIGURATION_BUILD_DIR}/ComputableLayout/ComputableLayout.framework/Headers\"",
					"\"${PODS_CONFIGURATION_BUILD_DIR}/ContextMenuAuxiliaryPreview/ContextMenuAuxiliaryPreview.framework/Headers\"",
					"\"${PODS_CONFIGURATION_BUILD_DIR}/DGSwiftUtilities/DGSwiftUtilities.framework/Headers\"",
					"\"${PODS_CONFIGURATION_BUILD_DIR}/DoubleConversion/DoubleConversion.framework/Headers\"",
					"\"${PODS_CONFIGURATION_BUILD_DIR}/FirebaseAppCheckInterop/FirebaseAppCheckInterop.framework/Headers\"",
					"\"${PODS_CONFIGURATION_BUILD_DIR}/FirebaseCore/FirebaseCore.framework/Headers\"",
					"\"${PODS_CONFIGURATION_BUILD_DIR}/FirebaseCoreExtension/FirebaseCoreExtension.framework/Headers\"",
					"\"${PODS_CONFIGURATION_BUILD_DIR}/FirebaseCoreInternal/FirebaseCoreInternal.framework/Headers\"",
					"\"${PODS_CONFIGURATION_BUILD_DIR}/FirebaseFirestore/FirebaseFirestore.framework/Headers\"",
					"\"${PODS_CONFIGURATION_BUILD_DIR}/FirebaseFirestoreInternal/FirebaseFirestoreInternal.framework/Headers\"",
					"\"${PODS_CONFIGURATION_BUILD_DIR}/FirebaseInstallations/FirebaseInstallations.framework/Headers\"",
					"\"${PODS_CONFIGURATION_BUILD_DIR}/FirebaseMessaging/FirebaseMessaging.framework/Headers\"",
					"\"${PODS_CONFIGURATION_BUILD_DIR}/FirebaseSharedSwift/FirebaseSharedSwift.framework/Headers\"",
					"\"${PODS_CONFIGURATION_BUILD_DIR}/GTMAppAuth/GTMAppAuth.framework/Headers\"",
					"\"${PODS_CONFIGURATION_BUILD_DIR}/GTMSessionFetcher/GTMSessionFetcher.framework/Headers\"",
					"\"${PODS_CONFIGURATION_BUILD_DIR}/GoogleDataTransport/GoogleDataTransport.framework/Headers\"",
					"\"${PODS_CONFIGURATION_BUILD_DIR}/GoogleSignIn/GoogleSignIn.framework/Headers\"",
					"\"${PODS_CONFIGURATION_BUILD_DIR}/GoogleUtilities/GoogleUtilities.framework/Headers\"",
					"\"${PODS_CONFIGURATION_BUILD_DIR}/PromisesObjC/FBLPromises.framework/Headers\"",
					"\"${PODS_CONFIGURATION_BUILD_DIR}/RCT-Folly/folly.framework/Headers\"",
					"\"${PODS_CONFIGURATION_BUILD_DIR}/RCTDeprecation/RCTDeprecation.framework/Headers\"",
					"\"${PODS_CONFIGURATION_BUILD_DIR}/RCTTypeSafety/RCTTypeSafety.framework/Headers\"",
					"\"${PODS_CONFIGURATION_BUILD_DIR}/RNAppleAuthentication/RNAppleAuthentication.framework/Headers\"",
					"\"${PODS_CONFIGURATION_BUILD_DIR}/RNBootSplash/RNBootSplash.framework/Headers\"",
					"\"${PODS_CONFIGURATION_BUILD_DIR}/RNCAsyncStorage/RNCAsyncStorage.framework/Headers\"",
					"\"${PODS_CONFIGURATION_BUILD_DIR}/RNCMaskedView/RNCMaskedView.framework/Headers\"",
					"\"${PODS_CONFIGURATION_BUILD_DIR}/RNCPicker/RNCPicker.framework/Headers\"",
					"\"${PODS_CONFIGURATION_BUILD_DIR}/RNCPushNotificationIOS/RNCPushNotificationIOS.framework/Headers\"",
					"\"${PODS_CONFIGURATION_BUILD_DIR}/RNDateTimePicker/RNDateTimePicker.framework/Headers\"",
					"\"${PODS_CONFIGURATION_BUILD_DIR}/RNFBApp/RNFBApp.framework/Headers\"",
					"\"${PODS_CONFIGURATION_BUILD_DIR}/RNFBFirestore/RNFBFirestore.framework/Headers\"",
					"\"${PODS_CONFIGURATION_BUILD_DIR}/RNFBMessaging/RNFBMessaging.framework/Headers\"",
					"\"${PODS_CONFIGURATION_BUILD_DIR}/RNFS/RNFS.framework/Headers\"",
					"\"${PODS_CONFIGURATION_BUILD_DIR}/RNFlashList/RNFlashList.framework/Headers\"",
					"\"${PODS_CONFIGURATION_BUILD_DIR}/RNGestureHandler/RNGestureHandler.framework/Headers\"",
					"\"${PODS_CONFIGURATION_BUILD_DIR}/RNGoogleSignin/RNGoogleSignin.framework/Headers\"",
					"\"${PODS_CONFIGURATION_BUILD_DIR}/RNInAppBrowser/RNInAppBrowser.framework/Headers\"",
					"\"${PODS_CONFIGURATION_BUILD_DIR}/RNLocalize/RNLocalize.framework/Headers\"",
					"\"${PODS_CONFIGURATION_BUILD_DIR}/RNPermissions/RNPermissions.framework/Headers\"",
					"\"${PODS_CONFIGURATION_BUILD_DIR}/RNReanimated/RNReanimated.framework/Headers\"",
					"\"${PODS_CONFIGURATION_BUILD_DIR}/RNSVG/RNSVG.framework/Headers\"",
					"\"${PODS_CONFIGURATION_BUILD_DIR}/RNScreens/RNScreens.framework/Headers\"",
					"\"${PODS_CONFIGURATION_BUILD_DIR}/RNVectorIcons/RNVectorIcons.framework/Headers\"",
					"\"${PODS_CONFIGURATION_BUILD_DIR}/React-Core/React.framework/Headers\"",
					"\"${PODS_CONFIGURATION_BUILD_DIR}/React-CoreModules/CoreModules.framework/Headers\"",
					"\"${PODS_CONFIGURATION_BUILD_DIR}/React-Fabric/React_Fabric.framework/Headers\"",
					"\"${PODS_CONFIGURATION_BUILD_DIR}/React-FabricComponents/React_FabricComponents.framework/Headers\"",
					"\"${PODS_CONFIGURATION_BUILD_DIR}/React-FabricImage/React_FabricImage.framework/Headers\"",
					"\"${PODS_CONFIGURATION_BUILD_DIR}/React-ImageManager/React_ImageManager.framework/Headers\"",
					"\"${PODS_CONFIGURATION_BUILD_DIR}/React-Mapbuffer/React_Mapbuffer.framework/Headers\"",
					"\"${PODS_CONFIGURATION_BUILD_DIR}/React-NativeModulesApple/React_NativeModulesApple.framework/Headers\"",
					"\"${PODS_CONFIGURATION_BUILD_DIR}/React-RCTAnimation/RCTAnimation.framework/Headers\"",
					"\"${PODS_CONFIGURATION_BUILD_DIR}/React-RCTAppDelegate/React_RCTAppDelegate.framework/Headers\"",
					"\"${PODS_CONFIGURATION_BUILD_DIR}/React-RCTBlob/RCTBlob.framework/Headers\"",
					"\"${PODS_CONFIGURATION_BUILD_DIR}/React-RCTFBReactNativeSpec/FBReactNativeSpec.framework/Headers\"",
					"\"${PODS_CONFIGURATION_BUILD_DIR}/React-RCTFabric/RCTFabric.framework/Headers\"",
					"\"${PODS_CONFIGURATION_BUILD_DIR}/React-RCTImage/RCTImage.framework/Headers\"",
					"\"${PODS_CONFIGURATION_BUILD_DIR}/React-RCTLinking/RCTLinking.framework/Headers\"",
					"\"${PODS_CONFIGURATION_BUILD_DIR}/React-RCTNetwork/RCTNetwork.framework/Headers\"",
					"\"${PODS_CONFIGURATION_BUILD_DIR}/React-RCTRuntime/RCTRuntime.framework/Headers\"",
					"\"${PODS_CONFIGURATION_BUILD_DIR}/React-RCTSettings/RCTSettings.framework/Headers\"",
					"\"${PODS_CONFIGURATION_BUILD_DIR}/React-RCTText/RCTText.framework/Headers\"",
					"\"${PODS_CONFIGURATION_BUILD_DIR}/React-RCTVibration/RCTVibration.framework/Headers\"",
					"\"${PODS_CONFIGURATION_BUILD_DIR}/React-RuntimeApple/React_RuntimeApple.framework/Headers\"",
					"\"${PODS_CONFIGURATION_BUILD_DIR}/React-RuntimeCore/React_RuntimeCore.framework/Headers\"",
					"\"${PODS_CONFIGURATION_BUILD_DIR}/React-RuntimeHermes/React_RuntimeHermes.framework/Headers\"",
					"\"${PODS_CONFIGURATION_BUILD_DIR}/React-cxxreact/cxxreact.framework/Headers\"",
					"\"${PODS_CONFIGURATION_BUILD_DIR}/React-debug/React_debug.framework/Headers\"",
					"\"${PODS_CONFIGURATION_BUILD_DIR}/React-defaultsnativemodule/React_defaultsnativemodule.framework/Headers\"",
					"\"${PODS_CONFIGURATION_BUILD_DIR}/React-domnativemodule/React_domnativemodule.framework/Headers\"",
					"\"${PODS_CONFIGURATION_BUILD_DIR}/React-featureflags/React_featureflags.framework/Headers\"",
					"\"${PODS_CONFIGURATION_BUILD_DIR}/React-featureflagsnativemodule/React_featureflagsnativemodule.framework/Headers\"",
					"\"${PODS_CONFIGURATION_BUILD_DIR}/React-graphics/React_graphics.framework/Headers\"",
					"\"${PODS_CONFIGURATION_BUILD_DIR}/React-hermes/reacthermes.framework/Headers\"",
					"\"${PODS_CONFIGURATION_BUILD_DIR}/React-idlecallbacksnativemodule/idlecallbacksnativemodule.framework/Headers\"",
					"\"${PODS_CONFIGURATION_BUILD_DIR}/React-jserrorhandler/React_jserrorhandler.framework/Headers\"",
					"\"${PODS_CONFIGURATION_BUILD_DIR}/React-jsi/jsi.framework/Headers\"",
					"\"${PODS_CONFIGURATION_BUILD_DIR}/React-jsiexecutor/jsireact.framework/Headers\"",
					"\"${PODS_CONFIGURATION_BUILD_DIR}/React-jsinspector/jsinspector_modern.framework/Headers\"",
					"\"${PODS_CONFIGURATION_BUILD_DIR}/React-jsinspectortracing/jsinspector_moderntracing.framework/Headers\"",
					"\"${PODS_CONFIGURATION_BUILD_DIR}/React-jsitooling/JSITooling.framework/Headers\"",
					"\"${PODS_CONFIGURATION_BUILD_DIR}/React-logger/logger.framework/Headers\"",
					"\"${PODS_CONFIGURATION_BUILD_DIR}/React-microtasksnativemodule/React_microtasksnativemodule.framework/Headers\"",
					"\"${PODS_CONFIGURATION_BUILD_DIR}/React-oscompat/oscompat.framework/Headers\"",
					"\"${PODS_CONFIGURATION_BUILD_DIR}/React-perflogger/reactperflogger.framework/Headers\"",
					"\"${PODS_CONFIGURATION_BUILD_DIR}/React-performancetimeline/React_performancetimeline.framework/Headers\"",
					"\"${PODS_CONFIGURATION_BUILD_DIR}/React-rendererconsistency/React_rendererconsistency.framework/Headers\"",
					"\"${PODS_CONFIGURATION_BUILD_DIR}/React-renderercss/React_renderercss.framework/Headers\"",
					"\"${PODS_CONFIGURATION_BUILD_DIR}/React-rendererdebug/React_rendererdebug.framework/Headers\"",
					"\"${PODS_CONFIGURATION_BUILD_DIR}/React-runtimescheduler/React_runtimescheduler.framework/Headers\"",
					"\"${PODS_CONFIGURATION_BUILD_DIR}/React-utils/React_utils.framework/Headers\"",
					"\"${PODS_CONFIGURATION_BUILD_DIR}/ReactAppDependencyProvider/ReactAppDependencyProvider.framework/Headers\"",
					"\"${PODS_CONFIGURATION_BUILD_DIR}/ReactCodegen/ReactCodegen.framework/Headers\"",
					"\"${PODS_CONFIGURATION_BUILD_DIR}/ReactCommon/ReactCommon.framework/Headers\"",
					"\"${PODS_CONFIGURATION_BUILD_DIR}/SocketRocket/SocketRocket.framework/Headers\"",
					"\"${PODS_CONFIGURATION_BUILD_DIR}/VisionCamera/VisionCamera.framework/Headers\"",
					"\"${PODS_CONFIGURATION_BUILD_DIR}/Yoga/yoga.framework/Headers\"",
					"\"${PODS_CONFIGURATION_BUILD_DIR}/abseil/absl.framework/Headers\"",
					"\"${PODS_CONFIGURATION_BUILD_DIR}/fmt/fmt.framework/Headers\"",
					"\"${PODS_CONFIGURATION_BUILD_DIR}/gRPC-C++/grpcpp.framework/Headers\"",
					"\"${PODS_CONFIGURATION_BUILD_DIR}/gRPC-Core/grpc.framework/Headers\"",
					"\"${PODS_CONFIGURATION_BUILD_DIR}/glog/glog.framework/Headers\"",
					"\"${PODS_CONFIGURATION_BUILD_DIR}/leveldb-library/leveldb.framework/Headers\"",
					"\"${PODS_CONFIGURATION_BUILD_DIR}/nanopb/nanopb.framework/Headers\"",
					"\"${PODS_CONFIGURATION_BUILD_DIR}/react-native-agora/react_native_agora.framework/Headers\"",
					"\"${PODS_CONFIGURATION_BUILD_DIR}/react-native-blur/react_native_blur.framework/Headers\"",
					"\"${PODS_CONFIGURATION_BUILD_DIR}/react-native-cameraroll/react_native_cameraroll.framework/Headers\"",
					"\"${PODS_CONFIGURATION_BUILD_DIR}/react-native-date-picker/react_native_date_picker.framework/Headers\"",
					"\"${PODS_CONFIGURATION_BUILD_DIR}/react-native-encrypted-storage/react_native_encrypted_storage.framework/Headers\"",
					"\"${PODS_CONFIGURATION_BUILD_DIR}/react-native-geolocation-service/react_native_geolocation_service.framework/Headers\"",
					"\"${PODS_CONFIGURATION_BUILD_DIR}/react-native-image-picker/react_native_image_picker.framework/Headers\"",
					"\"${PODS_CONFIGURATION_BUILD_DIR}/react-native-ios-context-menu/react_native_ios_context_menu.framework/Headers\"",
					"\"${PODS_CONFIGURATION_BUILD_DIR}/react-native-ios-utilities/react_native_ios_utilities.framework/Headers\"",
					"\"${PODS_CONFIGURATION_BUILD_DIR}/react-native-keyboard-controller/react_native_keyboard_controller.framework/Headers\"",
					"\"${PODS_CONFIGURATION_BUILD_DIR}/react-native-menu/react_native_menu.framework/Headers\"",
					"\"${PODS_CONFIGURATION_BUILD_DIR}/react-native-pager-view/react_native_pager_view.framework/Headers\"",
					"\"${PODS_CONFIGURATION_BUILD_DIR}/react-native-safe-area-context/react_native_safe_area_context.framework/Headers\"",
					"\"${PODS_CONFIGURATION_BUILD_DIR}/react-native-video/react_native_video.framework/Headers\"",
					"\"${PODS_CONFIGURATION_BUILD_DIR}/react-native-webview/react_native_webview.framework/Headers\"",
					"\"${PODS_ROOT}/Headers/Public\"",
					"\"${PODS_ROOT}/Headers/Public/FBLazyVector\"",
					"\"${PODS_ROOT}/Headers/Public/Firebase\"",
					"\"${PODS_ROOT}/Headers/Public/RCTRequired\"",
					"\"${PODS_ROOT}/Headers/Public/React-callinvoker\"",
					"\"${PODS_ROOT}/Headers/Public/React-runtimeexecutor\"",
					"\"${PODS_ROOT}/Headers/Public/React-timing\"",
					"\"${PODS_ROOT}/Headers/Public/boost\"",
					"\"${PODS_ROOT}/Headers/Public/fast_float\"",
					"\"${PODS_ROOT}/Headers/Public/hermes-engine\"",
					"\"$(PODS_ROOT)/DoubleConversion\"",
					"$(inherited)",
					"${PODS_ROOT}/Firebase/CoreOnly/Sources",
					"\"$(PODS_ROOT)/boost\"",
					"\"$(PODS_ROOT)/boost\"",
					"\"$(PODS_ROOT)/boost-for-react-native\"",
					"\"$(PODS_ROOT)/glog\"",
					"\"$(PODS_ROOT)/RCT-Folly\"",
					"\"$(PODS_ROOT)/Headers/Public/React-hermes\"",
					"\"$(PODS_ROOT)/Headers/Public/hermes-engine\"",
					"\"$(PODS_ROOT)/../../node_modules/react-native/ReactCommon\"",
					"\"$(PODS_ROOT)/../../node_modules/react-native-reanimated/apple\"",
					"\"$(PODS_ROOT)/../../node_modules/react-native-reanimated/Common/cpp\"",
					"\"$(PODS_ROOT)/Headers/Private/React-Core\"",
					"\"$(PODS_ROOT)/Headers/Private/React-Core\"",
					"\"$(PODS_ROOT)/Headers/Private/Yoga\"",
					"\"${PODS_CONFIGURATION_BUILD_DIR}/react-native-ios-utilities/**\"",
					"\"${PODS_CONFIGURATION_BUILD_DIR}/react-native-ios-utilities/Swift Compatibility Header\"",
					"\"${PODS_CONFIGURATION_BUILD_DIR}/react-native-ios-context-menu/Swift Compatibility Header\"",
					"\"$(PODS_ROOT)/Headers/Private/React-bridging/react/bridging\"",
					"\"$(PODS_CONFIGURATION_BUILD_DIR)/React-bridging/react_bridging.framework/Headers\"",
					"\"$(PODS_ROOT)/Headers/Private/Yoga\"",
					"\"$(PODS_ROOT)/DoubleConversion\"",
					"\"${PODS_CONFIGURATION_BUILD_DIR}/React-graphics/React_graphics.framework/Headers\"",
					"\"${PODS_CONFIGURATION_BUILD_DIR}/React-graphics/React_graphics.framework/Headers/react/renderer/graphics/platform/ios\"",
					"\"${PODS_CONFIGURATION_BUILD_DIR}/React-Fabric/React_Fabric.framework/Headers\"",
					"\"${PODS_CONFIGURATION_BUILD_DIR}/ReactCommon/ReactCommon.framework/Headers\"",
					"\"${PODS_CONFIGURATION_BUILD_DIR}/ReactCommon/ReactCommon.framework/Headers/react/nativemodule/core\"",
					"\"${PODS_CONFIGURATION_BUILD_DIR}/React-RCTFabric/RCTFabric.framework/Headers\"",
					"\"${PODS_CONFIGURATION_BUILD_DIR}/react-native-ios-utilities/Swift\\ Compatibility\\ Header\"",
					"\"$(PODS_ROOT)/Headers/Private/React-bridging/react/bridging\"",
					"\"$(PODS_CONFIGURATION_BUILD_DIR)/React-bridging/react_bridging.framework/Headers\"",
					"\"$(PODS_ROOT)/Headers/Private/Yoga\"",
					"\"$(PODS_ROOT)/DoubleConversion\"",
					"\"${PODS_CONFIGURATION_BUILD_DIR}/React-graphics/React_graphics.framework/Headers\"",
					"\"${PODS_CONFIGURATION_BUILD_DIR}/React-graphics/React_graphics.framework/Headers/react/renderer/graphics/platform/ios\"",
					"\"${PODS_CONFIGURATION_BUILD_DIR}/React-Fabric/React_Fabric.framework/Headers\"",
					"\"${PODS_CONFIGURATION_BUILD_DIR}/ReactCommon/ReactCommon.framework/Headers\"",
					"\"${PODS_CONFIGURATION_BUILD_DIR}/ReactCommon/ReactCommon.framework/Headers/react/nativemodule/core\"",
					"\"${PODS_CONFIGURATION_BUILD_DIR}/React-RCTFabric/RCTFabric.framework/Headers\"",
					"$(SRCROOT)/../node_modules/react-native/ReactCommon",
					"$(SRCROOT)/../node_modules/react-native/React",
				);
				INFOPLIST_FILE = Alenga/Info.plist;
				INFOPLIST_KEY_CFBundleDisplayName = Alenga;
				IPHONEOS_DEPLOYMENT_TARGET = 16.0;
				LD_RUNPATH_SEARCH_PATHS = (
					"$(inherited)",
					"@executable_path/Frameworks",
				);
				MARKETING_VERSION = 1.0.18;
				ONLY_ACTIVE_ARCH = YES;
				OTHER_CFLAGS = (
					"$(inherited)",
					"-include",
					"$(SRCROOT)/Alenga/FLTMinMax.h",
				);
				OTHER_LDFLAGS = (
					"$(inherited)",
					"-ObjC",
					"-lc++",
				);
				PRODUCT_BUNDLE_IDENTIFIER = com.fnhapps.alenga;
				PRODUCT_NAME = Alenga;
				PROVISIONING_PROFILE_SPECIFIER = "";
				SUPPORTED_PLATFORMS = "iphoneos iphonesimulator";
				SUPPORTS_MACCATALYST = NO;
				SUPPORTS_MAC_DESIGNED_FOR_IPHONE_IPAD = NO;
				SUPPORTS_XR_DESIGNED_FOR_IPHONE_IPAD = NO;
				SWIFT_OPTIMIZATION_LEVEL = "-Onone";
				SWIFT_VERSION = 5.0;
				TARGETED_DEVICE_FAMILY = 1;
				USER_HEADER_SEARCH_PATHS = "$(inherited)";
				VERSIONING_SYSTEM = "apple-generic";
			};
			name = Debug;
		};
		13B07F951A680F5B00A75B9A /* Release */ = {
			isa = XCBuildConfiguration;
			baseConfigurationReference = 71FD974C4326847E00086637 /* Pods-Alenga.release.xcconfig */;
			buildSettings = {
				ASSETCATALOG_COMPILER_APPICON_NAME = AppIcon;
				CLANG_ENABLE_MODULES = YES;
				CODE_SIGN_ENTITLEMENTS = Alenga/Alenga.entitlements;
				CODE_SIGN_IDENTITY = "Apple Development";
				CODE_SIGN_STYLE = Automatic;
				CURRENT_PROJECT_VERSION = 1018;
				DEVELOPMENT_TEAM = SPXJB5J6LJ;
				"EXCLUDED_ARCHS[sdk=iphonesimulator*]" = "$(inherited)";
				GCC_PREPROCESSOR_DEFINITIONS = (
					"$(inherited)",
					"FLT_MAX=3.40282346638528859811704183484516925e+38F",
					"FLT_MIN=1.17549435082228750796873653722224568e-38F",
				);
				HEADER_SEARCH_PATHS = (
					"$(inherited)",
					"\"${PODS_CONFIGURATION_BUILD_DIR}/AppAuth/AppAuth.framework/Headers\"",
					"\"${PODS_CONFIGURATION_BUILD_DIR}/BVLinearGradient/BVLinearGradient.framework/Headers\"",
					"\"${PODS_CONFIGURATION_BUILD_DIR}/BoringSSL-GRPC/openssl_grpc.framework/Headers\"",
					"\"${PODS_CONFIGURATION_BUILD_DIR}/ComputableLayout/ComputableLayout.framework/Headers\"",
					"\"${PODS_CONFIGURATION_BUILD_DIR}/ContextMenuAuxiliaryPreview/ContextMenuAuxiliaryPreview.framework/Headers\"",
					"\"${PODS_CONFIGURATION_BUILD_DIR}/DGSwiftUtilities/DGSwiftUtilities.framework/Headers\"",
					"\"${PODS_CONFIGURATION_BUILD_DIR}/DoubleConversion/DoubleConversion.framework/Headers\"",
					"\"${PODS_CONFIGURATION_BUILD_DIR}/FirebaseAppCheckInterop/FirebaseAppCheckInterop.framework/Headers\"",
					"\"${PODS_CONFIGURATION_BUILD_DIR}/FirebaseCore/FirebaseCore.framework/Headers\"",
					"\"${PODS_CONFIGURATION_BUILD_DIR}/FirebaseCoreExtension/FirebaseCoreExtension.framework/Headers\"",
					"\"${PODS_CONFIGURATION_BUILD_DIR}/FirebaseCoreInternal/FirebaseCoreInternal.framework/Headers\"",
					"\"${PODS_CONFIGURATION_BUILD_DIR}/FirebaseFirestore/FirebaseFirestore.framework/Headers\"",
					"\"${PODS_CONFIGURATION_BUILD_DIR}/FirebaseFirestoreInternal/FirebaseFirestoreInternal.framework/Headers\"",
					"\"${PODS_CONFIGURATION_BUILD_DIR}/FirebaseInstallations/FirebaseInstallations.framework/Headers\"",
					"\"${PODS_CONFIGURATION_BUILD_DIR}/FirebaseMessaging/FirebaseMessaging.framework/Headers\"",
					"\"${PODS_CONFIGURATION_BUILD_DIR}/FirebaseSharedSwift/FirebaseSharedSwift.framework/Headers\"",
					"\"${PODS_CONFIGURATION_BUILD_DIR}/GTMAppAuth/GTMAppAuth.framework/Headers\"",
					"\"${PODS_CONFIGURATION_BUILD_DIR}/GTMSessionFetcher/GTMSessionFetcher.framework/Headers\"",
					"\"${PODS_CONFIGURATION_BUILD_DIR}/GoogleDataTransport/GoogleDataTransport.framework/Headers\"",
					"\"${PODS_CONFIGURATION_BUILD_DIR}/GoogleSignIn/GoogleSignIn.framework/Headers\"",
					"\"${PODS_CONFIGURATION_BUILD_DIR}/GoogleUtilities/GoogleUtilities.framework/Headers\"",
					"\"${PODS_CONFIGURATION_BUILD_DIR}/PromisesObjC/FBLPromises.framework/Headers\"",
					"\"${PODS_CONFIGURATION_BUILD_DIR}/RCT-Folly/folly.framework/Headers\"",
					"\"${PODS_CONFIGURATION_BUILD_DIR}/RCTDeprecation/RCTDeprecation.framework/Headers\"",
					"\"${PODS_CONFIGURATION_BUILD_DIR}/RCTTypeSafety/RCTTypeSafety.framework/Headers\"",
					"\"${PODS_CONFIGURATION_BUILD_DIR}/RNAppleAuthentication/RNAppleAuthentication.framework/Headers\"",
					"\"${PODS_CONFIGURATION_BUILD_DIR}/RNBootSplash/RNBootSplash.framework/Headers\"",
					"\"${PODS_CONFIGURATION_BUILD_DIR}/RNCAsyncStorage/RNCAsyncStorage.framework/Headers\"",
					"\"${PODS_CONFIGURATION_BUILD_DIR}/RNCMaskedView/RNCMaskedView.framework/Headers\"",
					"\"${PODS_CONFIGURATION_BUILD_DIR}/RNCPicker/RNCPicker.framework/Headers\"",
					"\"${PODS_CONFIGURATION_BUILD_DIR}/RNCPushNotificationIOS/RNCPushNotificationIOS.framework/Headers\"",
					"\"${PODS_CONFIGURATION_BUILD_DIR}/RNDateTimePicker/RNDateTimePicker.framework/Headers\"",
					"\"${PODS_CONFIGURATION_BUILD_DIR}/RNFBApp/RNFBApp.framework/Headers\"",
					"\"${PODS_CONFIGURATION_BUILD_DIR}/RNFBFirestore/RNFBFirestore.framework/Headers\"",
					"\"${PODS_CONFIGURATION_BUILD_DIR}/RNFBMessaging/RNFBMessaging.framework/Headers\"",
					"\"${PODS_CONFIGURATION_BUILD_DIR}/RNFS/RNFS.framework/Headers\"",
					"\"${PODS_CONFIGURATION_BUILD_DIR}/RNFlashList/RNFlashList.framework/Headers\"",
					"\"${PODS_CONFIGURATION_BUILD_DIR}/RNGestureHandler/RNGestureHandler.framework/Headers\"",
					"\"${PODS_CONFIGURATION_BUILD_DIR}/RNGoogleSignin/RNGoogleSignin.framework/Headers\"",
					"\"${PODS_CONFIGURATION_BUILD_DIR}/RNInAppBrowser/RNInAppBrowser.framework/Headers\"",
					"\"${PODS_CONFIGURATION_BUILD_DIR}/RNLocalize/RNLocalize.framework/Headers\"",
					"\"${PODS_CONFIGURATION_BUILD_DIR}/RNPermissions/RNPermissions.framework/Headers\"",
					"\"${PODS_CONFIGURATION_BUILD_DIR}/RNReanimated/RNReanimated.framework/Headers\"",
					"\"${PODS_CONFIGURATION_BUILD_DIR}/RNSVG/RNSVG.framework/Headers\"",
					"\"${PODS_CONFIGURATION_BUILD_DIR}/RNScreens/RNScreens.framework/Headers\"",
					"\"${PODS_CONFIGURATION_BUILD_DIR}/RNVectorIcons/RNVectorIcons.framework/Headers\"",
					"\"${PODS_CONFIGURATION_BUILD_DIR}/React-Core/React.framework/Headers\"",
					"\"${PODS_CONFIGURATION_BUILD_DIR}/React-CoreModules/CoreModules.framework/Headers\"",
					"\"${PODS_CONFIGURATION_BUILD_DIR}/React-Fabric/React_Fabric.framework/Headers\"",
					"\"${PODS_CONFIGURATION_BUILD_DIR}/React-FabricComponents/React_FabricComponents.framework/Headers\"",
					"\"${PODS_CONFIGURATION_BUILD_DIR}/React-FabricImage/React_FabricImage.framework/Headers\"",
					"\"${PODS_CONFIGURATION_BUILD_DIR}/React-ImageManager/React_ImageManager.framework/Headers\"",
					"\"${PODS_CONFIGURATION_BUILD_DIR}/React-Mapbuffer/React_Mapbuffer.framework/Headers\"",
					"\"${PODS_CONFIGURATION_BUILD_DIR}/React-NativeModulesApple/React_NativeModulesApple.framework/Headers\"",
					"\"${PODS_CONFIGURATION_BUILD_DIR}/React-RCTAnimation/RCTAnimation.framework/Headers\"",
					"\"${PODS_CONFIGURATION_BUILD_DIR}/React-RCTAppDelegate/React_RCTAppDelegate.framework/Headers\"",
					"\"${PODS_CONFIGURATION_BUILD_DIR}/React-RCTBlob/RCTBlob.framework/Headers\"",
					"\"${PODS_CONFIGURATION_BUILD_DIR}/React-RCTFBReactNativeSpec/FBReactNativeSpec.framework/Headers\"",
					"\"${PODS_CONFIGURATION_BUILD_DIR}/React-RCTFabric/RCTFabric.framework/Headers\"",
					"\"${PODS_CONFIGURATION_BUILD_DIR}/React-RCTImage/RCTImage.framework/Headers\"",
					"\"${PODS_CONFIGURATION_BUILD_DIR}/React-RCTLinking/RCTLinking.framework/Headers\"",
					"\"${PODS_CONFIGURATION_BUILD_DIR}/React-RCTNetwork/RCTNetwork.framework/Headers\"",
					"\"${PODS_CONFIGURATION_BUILD_DIR}/React-RCTRuntime/RCTRuntime.framework/Headers\"",
					"\"${PODS_CONFIGURATION_BUILD_DIR}/React-RCTSettings/RCTSettings.framework/Headers\"",
					"\"${PODS_CONFIGURATION_BUILD_DIR}/React-RCTText/RCTText.framework/Headers\"",
					"\"${PODS_CONFIGURATION_BUILD_DIR}/React-RCTVibration/RCTVibration.framework/Headers\"",
					"\"${PODS_CONFIGURATION_BUILD_DIR}/React-RuntimeApple/React_RuntimeApple.framework/Headers\"",
					"\"${PODS_CONFIGURATION_BUILD_DIR}/React-RuntimeCore/React_RuntimeCore.framework/Headers\"",
					"\"${PODS_CONFIGURATION_BUILD_DIR}/React-RuntimeHermes/React_RuntimeHermes.framework/Headers\"",
					"\"${PODS_CONFIGURATION_BUILD_DIR}/React-cxxreact/cxxreact.framework/Headers\"",
					"\"${PODS_CONFIGURATION_BUILD_DIR}/React-debug/React_debug.framework/Headers\"",
					"\"${PODS_CONFIGURATION_BUILD_DIR}/React-defaultsnativemodule/React_defaultsnativemodule.framework/Headers\"",
					"\"${PODS_CONFIGURATION_BUILD_DIR}/React-domnativemodule/React_domnativemodule.framework/Headers\"",
					"\"${PODS_CONFIGURATION_BUILD_DIR}/React-featureflags/React_featureflags.framework/Headers\"",
					"\"${PODS_CONFIGURATION_BUILD_DIR}/React-featureflagsnativemodule/React_featureflagsnativemodule.framework/Headers\"",
					"\"${PODS_CONFIGURATION_BUILD_DIR}/React-graphics/React_graphics.framework/Headers\"",
					"\"${PODS_CONFIGURATION_BUILD_DIR}/React-hermes/reacthermes.framework/Headers\"",
					"\"${PODS_CONFIGURATION_BUILD_DIR}/React-idlecallbacksnativemodule/idlecallbacksnativemodule.framework/Headers\"",
					"\"${PODS_CONFIGURATION_BUILD_DIR}/React-jserrorhandler/React_jserrorhandler.framework/Headers\"",
					"\"${PODS_CONFIGURATION_BUILD_DIR}/React-jsi/jsi.framework/Headers\"",
					"\"${PODS_CONFIGURATION_BUILD_DIR}/React-jsiexecutor/jsireact.framework/Headers\"",
					"\"${PODS_CONFIGURATION_BUILD_DIR}/React-jsinspector/jsinspector_modern.framework/Headers\"",
					"\"${PODS_CONFIGURATION_BUILD_DIR}/React-jsinspectortracing/jsinspector_moderntracing.framework/Headers\"",
					"\"${PODS_CONFIGURATION_BUILD_DIR}/React-jsitooling/JSITooling.framework/Headers\"",
					"\"${PODS_CONFIGURATION_BUILD_DIR}/React-logger/logger.framework/Headers\"",
					"\"${PODS_CONFIGURATION_BUILD_DIR}/React-microtasksnativemodule/React_microtasksnativemodule.framework/Headers\"",
					"\"${PODS_CONFIGURATION_BUILD_DIR}/React-oscompat/oscompat.framework/Headers\"",
					"\"${PODS_CONFIGURATION_BUILD_DIR}/React-perflogger/reactperflogger.framework/Headers\"",
					"\"${PODS_CONFIGURATION_BUILD_DIR}/React-performancetimeline/React_performancetimeline.framework/Headers\"",
					"\"${PODS_CONFIGURATION_BUILD_DIR}/React-rendererconsistency/React_rendererconsistency.framework/Headers\"",
					"\"${PODS_CONFIGURATION_BUILD_DIR}/React-renderercss/React_renderercss.framework/Headers\"",
					"\"${PODS_CONFIGURATION_BUILD_DIR}/React-rendererdebug/React_rendererdebug.framework/Headers\"",
					"\"${PODS_CONFIGURATION_BUILD_DIR}/React-runtimescheduler/React_runtimescheduler.framework/Headers\"",
					"\"${PODS_CONFIGURATION_BUILD_DIR}/React-utils/React_utils.framework/Headers\"",
					"\"${PODS_CONFIGURATION_BUILD_DIR}/ReactAppDependencyProvider/ReactAppDependencyProvider.framework/Headers\"",
					"\"${PODS_CONFIGURATION_BUILD_DIR}/ReactCodegen/ReactCodegen.framework/Headers\"",
					"\"${PODS_CONFIGURATION_BUILD_DIR}/ReactCommon/ReactCommon.framework/Headers\"",
					"\"${PODS_CONFIGURATION_BUILD_DIR}/SocketRocket/SocketRocket.framework/Headers\"",
					"\"${PODS_CONFIGURATION_BUILD_DIR}/VisionCamera/VisionCamera.framework/Headers\"",
					"\"${PODS_CONFIGURATION_BUILD_DIR}/Yoga/yoga.framework/Headers\"",
					"\"${PODS_CONFIGURATION_BUILD_DIR}/abseil/absl.framework/Headers\"",
					"\"${PODS_CONFIGURATION_BUILD_DIR}/fmt/fmt.framework/Headers\"",
					"\"${PODS_CONFIGURATION_BUILD_DIR}/gRPC-C++/grpcpp.framework/Headers\"",
					"\"${PODS_CONFIGURATION_BUILD_DIR}/gRPC-Core/grpc.framework/Headers\"",
					"\"${PODS_CONFIGURATION_BUILD_DIR}/glog/glog.framework/Headers\"",
					"\"${PODS_CONFIGURATION_BUILD_DIR}/leveldb-library/leveldb.framework/Headers\"",
					"\"${PODS_CONFIGURATION_BUILD_DIR}/nanopb/nanopb.framework/Headers\"",
					"\"${PODS_CONFIGURATION_BUILD_DIR}/react-native-agora/react_native_agora.framework/Headers\"",
					"\"${PODS_CONFIGURATION_BUILD_DIR}/react-native-blur/react_native_blur.framework/Headers\"",
					"\"${PODS_CONFIGURATION_BUILD_DIR}/react-native-cameraroll/react_native_cameraroll.framework/Headers\"",
					"\"${PODS_CONFIGURATION_BUILD_DIR}/react-native-date-picker/react_native_date_picker.framework/Headers\"",
					"\"${PODS_CONFIGURATION_BUILD_DIR}/react-native-encrypted-storage/react_native_encrypted_storage.framework/Headers\"",
					"\"${PODS_CONFIGURATION_BUILD_DIR}/react-native-geolocation-service/react_native_geolocation_service.framework/Headers\"",
					"\"${PODS_CONFIGURATION_BUILD_DIR}/react-native-image-picker/react_native_image_picker.framework/Headers\"",
					"\"${PODS_CONFIGURATION_BUILD_DIR}/react-native-ios-context-menu/react_native_ios_context_menu.framework/Headers\"",
					"\"${PODS_CONFIGURATION_BUILD_DIR}/react-native-ios-utilities/react_native_ios_utilities.framework/Headers\"",
					"\"${PODS_CONFIGURATION_BUILD_DIR}/react-native-keyboard-controller/react_native_keyboard_controller.framework/Headers\"",
					"\"${PODS_CONFIGURATION_BUILD_DIR}/react-native-menu/react_native_menu.framework/Headers\"",
					"\"${PODS_CONFIGURATION_BUILD_DIR}/react-native-pager-view/react_native_pager_view.framework/Headers\"",
					"\"${PODS_CONFIGURATION_BUILD_DIR}/react-native-safe-area-context/react_native_safe_area_context.framework/Headers\"",
					"\"${PODS_CONFIGURATION_BUILD_DIR}/react-native-video/react_native_video.framework/Headers\"",
					"\"${PODS_CONFIGURATION_BUILD_DIR}/react-native-webview/react_native_webview.framework/Headers\"",
					"\"${PODS_ROOT}/Headers/Public\"",
					"\"${PODS_ROOT}/Headers/Public/FBLazyVector\"",
					"\"${PODS_ROOT}/Headers/Public/Firebase\"",
					"\"${PODS_ROOT}/Headers/Public/RCTRequired\"",
					"\"${PODS_ROOT}/Headers/Public/React-callinvoker\"",
					"\"${PODS_ROOT}/Headers/Public/React-runtimeexecutor\"",
					"\"${PODS_ROOT}/Headers/Public/React-timing\"",
					"\"${PODS_ROOT}/Headers/Public/boost\"",
					"\"${PODS_ROOT}/Headers/Public/fast_float\"",
					"\"${PODS_ROOT}/Headers/Public/hermes-engine\"",
					"\"$(PODS_ROOT)/DoubleConversion\"",
					"$(inherited)",
					"${PODS_ROOT}/Firebase/CoreOnly/Sources",
					"\"$(PODS_ROOT)/boost\"",
					"\"$(PODS_ROOT)/boost\"",
					"\"$(PODS_ROOT)/boost-for-react-native\"",
					"\"$(PODS_ROOT)/glog\"",
					"\"$(PODS_ROOT)/RCT-Folly\"",
					"\"$(PODS_ROOT)/Headers/Public/React-hermes\"",
					"\"$(PODS_ROOT)/Headers/Public/hermes-engine\"",
					"\"$(PODS_ROOT)/../../node_modules/react-native/ReactCommon\"",
					"\"$(PODS_ROOT)/../../node_modules/react-native-reanimated/apple\"",
					"\"$(PODS_ROOT)/../../node_modules/react-native-reanimated/Common/cpp\"",
					"\"$(PODS_ROOT)/Headers/Private/React-Core\"",
					"\"$(PODS_ROOT)/Headers/Private/React-Core\"",
					"\"$(PODS_ROOT)/Headers/Private/Yoga\"",
					"\"${PODS_CONFIGURATION_BUILD_DIR}/react-native-ios-utilities/**\"",
					"\"${PODS_CONFIGURATION_BUILD_DIR}/react-native-ios-utilities/Swift Compatibility Header\"",
					"\"${PODS_CONFIGURATION_BUILD_DIR}/react-native-ios-context-menu/Swift Compatibility Header\"",
					"\"$(PODS_ROOT)/Headers/Private/React-bridging/react/bridging\"",
					"\"$(PODS_CONFIGURATION_BUILD_DIR)/React-bridging/react_bridging.framework/Headers\"",
					"\"$(PODS_ROOT)/Headers/Private/Yoga\"",
					"\"$(PODS_ROOT)/DoubleConversion\"",
					"\"${PODS_CONFIGURATION_BUILD_DIR}/React-graphics/React_graphics.framework/Headers\"",
					"\"${PODS_CONFIGURATION_BUILD_DIR}/React-graphics/React_graphics.framework/Headers/react/renderer/graphics/platform/ios\"",
					"\"${PODS_CONFIGURATION_BUILD_DIR}/React-Fabric/React_Fabric.framework/Headers\"",
					"\"${PODS_CONFIGURATION_BUILD_DIR}/ReactCommon/ReactCommon.framework/Headers\"",
					"\"${PODS_CONFIGURATION_BUILD_DIR}/ReactCommon/ReactCommon.framework/Headers/react/nativemodule/core\"",
					"\"${PODS_CONFIGURATION_BUILD_DIR}/React-RCTFabric/RCTFabric.framework/Headers\"",
					"\"${PODS_CONFIGURATION_BUILD_DIR}/react-native-ios-utilities/Swift\\ Compatibility\\ Header\"",
					"\"$(PODS_ROOT)/Headers/Private/React-bridging/react/bridging\"",
					"\"$(PODS_CONFIGURATION_BUILD_DIR)/React-bridging/react_bridging.framework/Headers\"",
					"\"$(PODS_ROOT)/Headers/Private/Yoga\"",
					"\"$(PODS_ROOT)/DoubleConversion\"",
					"\"${PODS_CONFIGURATION_BUILD_DIR}/React-graphics/React_graphics.framework/Headers\"",
					"\"${PODS_CONFIGURATION_BUILD_DIR}/React-graphics/React_graphics.framework/Headers/react/renderer/graphics/platform/ios\"",
					"\"${PODS_CONFIGURATION_BUILD_DIR}/React-Fabric/React_Fabric.framework/Headers\"",
					"\"${PODS_CONFIGURATION_BUILD_DIR}/ReactCommon/ReactCommon.framework/Headers\"",
					"\"${PODS_CONFIGURATION_BUILD_DIR}/ReactCommon/ReactCommon.framework/Headers/react/nativemodule/core\"",
					"\"${PODS_CONFIGURATION_BUILD_DIR}/React-RCTFabric/RCTFabric.framework/Headers\"",
					"$(SRCROOT)/../node_modules/react-native/ReactCommon/**",
					"$(SRCROOT)/../node_modules/react-native/React/**",
				);
				INFOPLIST_FILE = Alenga/Info.plist;
				INFOPLIST_KEY_CFBundleDisplayName = Alenga;
				IPHONEOS_DEPLOYMENT_TARGET = 16.0;
				LD_RUNPATH_SEARCH_PATHS = (
					"$(inherited)",
					"@executable_path/Frameworks",
				);
				MARKETING_VERSION = 1.0.18;
				OTHER_CFLAGS = (
					"$(inherited)",
					"-include",
					"$(SRCROOT)/Alenga/FLTMinMax.h",
				);
				OTHER_LDFLAGS = (
					"$(inherited)",
					"-ObjC",
					"-lc++",
				);
				PRODUCT_BUNDLE_IDENTIFIER = com.fnhapps.alenga;
				PRODUCT_NAME = Alenga;
				PROVISIONING_PROFILE_SPECIFIER = "";
				SUPPORTED_PLATFORMS = "iphoneos iphonesimulator";
				SUPPORTS_MACCATALYST = NO;
				SUPPORTS_MAC_DESIGNED_FOR_IPHONE_IPAD = NO;
				SUPPORTS_XR_DESIGNED_FOR_IPHONE_IPAD = NO;
				SWIFT_VERSION = 5.0;
				TARGETED_DEVICE_FAMILY = 1;
				USER_HEADER_SEARCH_PATHS = "$(inherited)";
				VERSIONING_SYSTEM = "apple-generic";
			};
			name = Release;
		};
		83CBBA201A601CBA00E9B192 /* Debug */ = {
			isa = XCBuildConfiguration;
			buildSettings = {
				ALWAYS_SEARCH_USER_PATHS = NO;
				CC = "";
				CLANG_ANALYZER_LOCALIZABILITY_NONLOCALIZED = YES;
				CLANG_CXX_LANGUAGE_STANDARD = "c++20";
				CLANG_CXX_LIBRARY = "libc++";
				CLANG_ENABLE_MODULES = YES;
				CLANG_ENABLE_OBJC_ARC = YES;
				CLANG_WARN_BLOCK_CAPTURE_AUTORELEASING = YES;
				CLANG_WARN_BOOL_CONVERSION = YES;
				CLANG_WARN_COMMA = YES;
				CLANG_WARN_CONSTANT_CONVERSION = YES;
				CLANG_WARN_DEPRECATED_OBJC_IMPLEMENTATIONS = YES;
				CLANG_WARN_DIRECT_OBJC_ISA_USAGE = YES_ERROR;
				CLANG_WARN_EMPTY_BODY = YES;
				CLANG_WARN_ENUM_CONVERSION = YES;
				CLANG_WARN_INFINITE_RECURSION = YES;
				CLANG_WARN_INT_CONVERSION = YES;
				CLANG_WARN_NON_LITERAL_NULL_CONVERSION = YES;
				CLANG_WARN_OBJC_IMPLICIT_RETAIN_SELF = YES;
				CLANG_WARN_OBJC_LITERAL_CONVERSION = YES;
				CLANG_WARN_OBJC_ROOT_CLASS = YES_ERROR;
				CLANG_WARN_QUOTED_INCLUDE_IN_FRAMEWORK_HEADER = YES;
				CLANG_WARN_RANGE_LOOP_ANALYSIS = YES;
				CLANG_WARN_STRICT_PROTOTYPES = YES;
				CLANG_WARN_SUSPICIOUS_MOVE = YES;
				CLANG_WARN_UNREACHABLE_CODE = YES;
				CLANG_WARN__DUPLICATE_METHOD_MATCH = YES;
				"CODE_SIGN_IDENTITY[sdk=iphoneos*]" = "iPhone Developer";
				COPY_PHASE_STRIP = NO;
				CXX = "";
				ENABLE_STRICT_OBJC_MSGSEND = YES;
				ENABLE_TESTABILITY = YES;
				"EXCLUDED_ARCHS[sdk=iphonesimulator*]" = "$(inherited)";
				GCC_C_LANGUAGE_STANDARD = gnu99;
				GCC_DYNAMIC_NO_PIC = NO;
				GCC_NO_COMMON_BLOCKS = YES;
				GCC_OPTIMIZATION_LEVEL = 0;
				GCC_PREPROCESSOR_DEFINITIONS = (
					"DEBUG=1",
					"FLT_MAX=3.40282346638528859811704183484516925e+38F",
					"FLT_MIN=1.17549435082228750796873653722224568e-38F",
					"$(inherited)",
				);
				GCC_SYMBOLS_PRIVATE_EXTERN = NO;
				GCC_WARN_64_TO_32_BIT_CONVERSION = YES;
				GCC_WARN_ABOUT_RETURN_TYPE = YES_ERROR;
				GCC_WARN_UNDECLARED_SELECTOR = YES;
				GCC_WARN_UNINITIALIZED_AUTOS = YES_AGGRESSIVE;
				GCC_WARN_UNUSED_FUNCTION = YES;
				GCC_WARN_UNUSED_VARIABLE = YES;
				HEADER_SEARCH_PATHS = (
					"$(inherited)",
					"${PODS_CONFIGURATION_BUILD_DIR}/ReactCommon/ReactCommon.framework/Headers",
					"${PODS_CONFIGURATION_BUILD_DIR}/ReactCommon/ReactCommon.framework/Headers/react/nativemodule/core",
					"${PODS_CONFIGURATION_BUILD_DIR}/ReactCommon-Samples/ReactCommon_Samples.framework/Headers",
					"${PODS_CONFIGURATION_BUILD_DIR}/ReactCommon-Samples/ReactCommon_Samples.framework/Headers/platform/ios",
					"${PODS_CONFIGURATION_BUILD_DIR}/React-Fabric/React_Fabric.framework/Headers/react/renderer/components/view/platform/cxx",
					"${PODS_CONFIGURATION_BUILD_DIR}/React-NativeModulesApple/React_NativeModulesApple.framework/Headers",
					"${PODS_CONFIGURATION_BUILD_DIR}/React-graphics/React_graphics.framework/Headers",
					"${PODS_CONFIGURATION_BUILD_DIR}/React-graphics/React_graphics.framework/Headers/react/renderer/graphics/platform/ios",
				);
				IPHONEOS_DEPLOYMENT_TARGET = 16.0;
				LD = "";
				LDPLUSPLUS = "";
				LD_RUNPATH_SEARCH_PATHS = (
					/usr/lib/swift,
					"$(inherited)",
				);
				LIBRARY_SEARCH_PATHS = (
					"\"$(SDKROOT)/usr/lib/swift\"",
					"\"$(TOOLCHAIN_DIR)/usr/lib/swift/$(PLATFORM_NAME)\"",
					"\"$(inherited)\"",
				);
				MTL_ENABLE_DEBUG_INFO = YES;
				ONLY_ACTIVE_ARCH = YES;
				OTHER_CFLAGS = (
					"$(inherited)",
					"-include",
					"$(SRCROOT)/Alenga/FLTMinMax.h",
				);
				OTHER_CPLUSPLUSFLAGS = (
					"$(OTHER_CFLAGS)",
					"-DFOLLY_NO_CONFIG",
					"-DFOLLY_MOBILE=1",
					"-DFOLLY_USE_LIBCPP=1",
					"-DFOLLY_CFG_NO_COROUTINES=1",
					"-DFOLLY_HAVE_CLOCK_GETTIME=1",
				);
				OTHER_LDFLAGS = "$(inherited)";
				REACT_NATIVE_PATH = "${PODS_ROOT}/../../node_modules/react-native";
				SDKROOT = iphoneos;
				SWIFT_ACTIVE_COMPILATION_CONDITIONS = "$(inherited) DEBUG";
				SWIFT_OBJC_BRIDGING_HEADER = "Alenga/Alenga-Bridging-Header.h";
				USE_HERMES = true;
			};
			name = Debug;
		};
		83CBBA211A601CBA00E9B192 /* Release */ = {
			isa = XCBuildConfiguration;
			buildSettings = {
				ALWAYS_SEARCH_USER_PATHS = NO;
				CC = "";
				CLANG_ANALYZER_LOCALIZABILITY_NONLOCALIZED = YES;
				CLANG_CXX_LANGUAGE_STANDARD = "c++20";
				CLANG_CXX_LIBRARY = "libc++";
				CLANG_ENABLE_MODULES = YES;
				CLANG_ENABLE_OBJC_ARC = YES;
				CLANG_WARN_BLOCK_CAPTURE_AUTORELEASING = YES;
				CLANG_WARN_BOOL_CONVERSION = YES;
				CLANG_WARN_COMMA = YES;
				CLANG_WARN_CONSTANT_CONVERSION = YES;
				CLANG_WARN_DEPRECATED_OBJC_IMPLEMENTATIONS = YES;
				CLANG_WARN_DIRECT_OBJC_ISA_USAGE = YES_ERROR;
				CLANG_WARN_EMPTY_BODY = YES;
				CLANG_WARN_ENUM_CONVERSION = YES;
				CLANG_WARN_INFINITE_RECURSION = YES;
				CLANG_WARN_INT_CONVERSION = YES;
				CLANG_WARN_NON_LITERAL_NULL_CONVERSION = YES;
				CLANG_WARN_OBJC_IMPLICIT_RETAIN_SELF = YES;
				CLANG_WARN_OBJC_LITERAL_CONVERSION = YES;
				CLANG_WARN_OBJC_ROOT_CLASS = YES_ERROR;
				CLANG_WARN_QUOTED_INCLUDE_IN_FRAMEWORK_HEADER = YES;
				CLANG_WARN_RANGE_LOOP_ANALYSIS = YES;
				CLANG_WARN_STRICT_PROTOTYPES = YES;
				CLANG_WARN_SUSPICIOUS_MOVE = YES;
				CLANG_WARN_UNREACHABLE_CODE = YES;
				CLANG_WARN__DUPLICATE_METHOD_MATCH = YES;
				"CODE_SIGN_IDENTITY[sdk=iphoneos*]" = "iPhone Developer";
				COPY_PHASE_STRIP = YES;
				CXX = "";
				ENABLE_NS_ASSERTIONS = NO;
				ENABLE_STRICT_OBJC_MSGSEND = YES;
				"EXCLUDED_ARCHS[sdk=iphonesimulator*]" = "$(inherited)";
				GCC_C_LANGUAGE_STANDARD = gnu99;
				GCC_NO_COMMON_BLOCKS = YES;
				GCC_PREPROCESSOR_DEFINITIONS = (
					"FLT_MAX=3.40282346638528859811704183484516925e+38F",
					"FLT_MIN=1.17549435082228750796873653722224568e-38F",
					"$(inherited)",
				);
				GCC_WARN_64_TO_32_BIT_CONVERSION = YES;
				GCC_WARN_ABOUT_RETURN_TYPE = YES_ERROR;
				GCC_WARN_UNDECLARED_SELECTOR = YES;
				GCC_WARN_UNINITIALIZED_AUTOS = YES_AGGRESSIVE;
				GCC_WARN_UNUSED_FUNCTION = YES;
				GCC_WARN_UNUSED_VARIABLE = YES;
				HEADER_SEARCH_PATHS = (
					"$(inherited)",
					"${PODS_CONFIGURATION_BUILD_DIR}/ReactCommon/ReactCommon.framework/Headers",
					"${PODS_CONFIGURATION_BUILD_DIR}/ReactCommon/ReactCommon.framework/Headers/react/nativemodule/core",
					"${PODS_CONFIGURATION_BUILD_DIR}/ReactCommon-Samples/ReactCommon_Samples.framework/Headers",
					"${PODS_CONFIGURATION_BUILD_DIR}/ReactCommon-Samples/ReactCommon_Samples.framework/Headers/platform/ios",
					"${PODS_CONFIGURATION_BUILD_DIR}/React-Fabric/React_Fabric.framework/Headers/react/renderer/components/view/platform/cxx",
					"${PODS_CONFIGURATION_BUILD_DIR}/React-NativeModulesApple/React_NativeModulesApple.framework/Headers",
					"${PODS_CONFIGURATION_BUILD_DIR}/React-graphics/React_graphics.framework/Headers",
					"${PODS_CONFIGURATION_BUILD_DIR}/React-graphics/React_graphics.framework/Headers/react/renderer/graphics/platform/ios",
				);
				IPHONEOS_DEPLOYMENT_TARGET = 16.0;
				LD = "";
				LDPLUSPLUS = "";
				LD_RUNPATH_SEARCH_PATHS = (
					/usr/lib/swift,
					"$(inherited)",
				);
				LIBRARY_SEARCH_PATHS = (
					"\"$(SDKROOT)/usr/lib/swift\"",
					"\"$(TOOLCHAIN_DIR)/usr/lib/swift/$(PLATFORM_NAME)\"",
					"\"$(inherited)\"",
				);
				MTL_ENABLE_DEBUG_INFO = NO;
				OTHER_CFLAGS = (
					"$(inherited)",
					"-include",
					"$(SRCROOT)/Alenga/FLTMinMax.h",
				);
				OTHER_CPLUSPLUSFLAGS = (
					"$(OTHER_CFLAGS)",
					"-DFOLLY_NO_CONFIG",
					"-DFOLLY_MOBILE=1",
					"-DFOLLY_USE_LIBCPP=1",
					"-DFOLLY_CFG_NO_COROUTINES=1",
					"-DFOLLY_HAVE_CLOCK_GETTIME=1",
				);
				OTHER_LDFLAGS = "$(inherited)";
				REACT_NATIVE_PATH = "${PODS_ROOT}/../../node_modules/react-native";
				SDKROOT = iphoneos;
				SWIFT_OBJC_BRIDGING_HEADER = "Alenga/Alenga-Bridging-Header.h";
				USE_HERMES = true;
				VALIDATE_PRODUCT = YES;
			};
			name = Release;
		};
/* End XCBuildConfiguration section */

/* Begin XCConfigurationList section */
		13B07F931A680F5B00A75B9A /* Build configuration list for PBXNativeTarget "Alenga" */ = {
			isa = XCConfigurationList;
			buildConfigurations = (
				13B07F941A680F5B00A75B9A /* Debug */,
				13B07F951A680F5B00A75B9A /* Release */,
			);
			defaultConfigurationIsVisible = 0;
			defaultConfigurationName = Release;
		};
		83CBB9FA1A601CBA00E9B192 /* Build configuration list for PBXProject "Alenga" */ = {
			isa = XCConfigurationList;
			buildConfigurations = (
				83CBBA201A601CBA00E9B192 /* Debug */,
				83CBBA211A601CBA00E9B192 /* Release */,
			);
			defaultConfigurationIsVisible = 0;
			defaultConfigurationName = Release;
		};
/* End XCConfigurationList section */
	};
	rootObject = 83CBB9F71A601CBA00E9B192 /* Project object */;
}
